// !$*UTF8*$!
{
	archiveVersion = 1;
	classes = {
	};
	objectVersion = 56;
	objects = {

/* Begin PBXBuildFile section */
		88556FCE2918E248003CD336 /* AppDelegate.swift in Sources */ = {isa = PBXBuildFile; fileRef = 88556FCD2918E248003CD336 /* AppDelegate.swift */; };
		88556FD02918E248003CD336 /* SceneDelegate.swift in Sources */ = {isa = PBXBuildFile; fileRef = 88556FCF2918E248003CD336 /* SceneDelegate.swift */; };
		88556FD22918E248003CD336 /* ViewController.swift in Sources */ = {isa = PBXBuildFile; fileRef = 88556FD12918E248003CD336 /* ViewController.swift */; };
		88556FD52918E248003CD336 /* Main.storyboard in Resources */ = {isa = PBXBuildFile; fileRef = 88556FD32918E248003CD336 /* Main.storyboard */; };
		88556FD72918E249003CD336 /* Assets.xcassets in Resources */ = {isa = PBXBuildFile; fileRef = 88556FD62918E249003CD336 /* Assets.xcassets */; };
		88556FDA2918E249003CD336 /* LaunchScreen.storyboard in Resources */ = {isa = PBXBuildFile; fileRef = 88556FD82918E249003CD336 /* LaunchScreen.storyboard */; };
		88556FE72918E74B003CD336 /* BaseView.swift in Sources */ = {isa = PBXBuildFile; fileRef = 88556FE62918E74B003CD336 /* BaseView.swift */; };
		88556FEA2918E757003CD336 /* BaseViewController.swift in Sources */ = {isa = PBXBuildFile; fileRef = 88556FE92918E757003CD336 /* BaseViewController.swift */; };
		88556FF52918EF31003CD336 /* SnapKit in Frameworks */ = {isa = PBXBuildFile; productRef = 88556FF42918EF31003CD336 /* SnapKit */; };
		88556FF72918F12A003CD336 /* OnboardingView.swift in Sources */ = {isa = PBXBuildFile; fileRef = 88556FF62918F12A003CD336 /* OnboardingView.swift */; };
		88556FFB2918F153003CD336 /* OnboardingViewController.swift in Sources */ = {isa = PBXBuildFile; fileRef = 88556FFA2918F153003CD336 /* OnboardingViewController.swift */; };
		88556FFD2918F28C003CD336 /* Extension+UIColor.swift in Sources */ = {isa = PBXBuildFile; fileRef = 88556FFC2918F28C003CD336 /* Extension+UIColor.swift */; };
		885570002918F651003CD336 /* Extension+UIFont.swift in Sources */ = {isa = PBXBuildFile; fileRef = 88556FFF2918F651003CD336 /* Extension+UIFont.swift */; };
		885570032919585A003CD336 /* RxCocoa in Frameworks */ = {isa = PBXBuildFile; productRef = 885570022919585A003CD336 /* RxCocoa */; };
		885570052919585A003CD336 /* RxSwift in Frameworks */ = {isa = PBXBuildFile; productRef = 885570042919585A003CD336 /* RxSwift */; };
		885570072919586A003CD336 /* OnboardingViewModel.swift in Sources */ = {isa = PBXBuildFile; fileRef = 885570062919586A003CD336 /* OnboardingViewModel.swift */; };
		885570092919591A003CD336 /* OnboardingCollectionViewCell.swift in Sources */ = {isa = PBXBuildFile; fileRef = 885570082919591A003CD336 /* OnboardingCollectionViewCell.swift */; };
		8855700B29195D04003CD336 /* BaseCollectionViewCell.swift in Sources */ = {isa = PBXBuildFile; fileRef = 8855700A29195D04003CD336 /* BaseCollectionViewCell.swift */; };
		8855700D2919600F003CD336 /* OnboardingData.swift in Sources */ = {isa = PBXBuildFile; fileRef = 8855700C2919600F003CD336 /* OnboardingData.swift */; };
		889215F0291979A300DE147C /* NotoSansCJKkr-Regular.otf in Resources */ = {isa = PBXBuildFile; fileRef = 889215EE291979A300DE147C /* NotoSansCJKkr-Regular.otf */; };
		889215F1291979A300DE147C /* NotoSansCJKkr-Medium.otf in Resources */ = {isa = PBXBuildFile; fileRef = 889215EF291979A300DE147C /* NotoSansCJKkr-Medium.otf */; };
		889215F3291983AF00DE147C /* ReusableViewProtocol.swift in Sources */ = {isa = PBXBuildFile; fileRef = 889215F2291983AF00DE147C /* ReusableViewProtocol.swift */; };
		889215F62919884C00DE147C /* LoginView.swift in Sources */ = {isa = PBXBuildFile; fileRef = 889215F52919884C00DE147C /* LoginView.swift */; };
		889215F92919885900DE147C /* LoginViewController.swift in Sources */ = {isa = PBXBuildFile; fileRef = 889215F82919885900DE147C /* LoginViewController.swift */; };
		889215FB2919887100DE147C /* LoginViewModel.swift in Sources */ = {isa = PBXBuildFile; fileRef = 889215FA2919887100DE147C /* LoginViewModel.swift */; };
		889215FD291A1EDD00DE147C /* Extension+UILabel.swift in Sources */ = {isa = PBXBuildFile; fileRef = 889215FC291A1EDD00DE147C /* Extension+UILabel.swift */; };
		88921601291A29EF00DE147C /* LoginCheckView.swift in Sources */ = {isa = PBXBuildFile; fileRef = 88921600291A29EF00DE147C /* LoginCheckView.swift */; };
		88921603291A29FC00DE147C /* LoginCheckViewController.swift in Sources */ = {isa = PBXBuildFile; fileRef = 88921602291A29FC00DE147C /* LoginCheckViewController.swift */; };
		88921605291A2A0500DE147C /* LoginCheckViewModel.swift in Sources */ = {isa = PBXBuildFile; fileRef = 88921604291A2A0500DE147C /* LoginCheckViewModel.swift */; };
		8892160C291ABBB500DE147C /* FirebaseAuth in Frameworks */ = {isa = PBXBuildFile; productRef = 8892160B291ABBB500DE147C /* FirebaseAuth */; };
		8892160F291AC49800DE147C /* GoogleService-Info.plist in Resources */ = {isa = PBXBuildFile; fileRef = 8892160E291AC49800DE147C /* GoogleService-Info.plist */; };
/* End PBXBuildFile section */

/* Begin PBXFileReference section */
		88556FCA2918E248003CD336 /* SeSacStudy.app */ = {isa = PBXFileReference; explicitFileType = wrapper.application; includeInIndex = 0; path = SeSacStudy.app; sourceTree = BUILT_PRODUCTS_DIR; };
		88556FCD2918E248003CD336 /* AppDelegate.swift */ = {isa = PBXFileReference; lastKnownFileType = sourcecode.swift; path = AppDelegate.swift; sourceTree = "<group>"; };
		88556FCF2918E248003CD336 /* SceneDelegate.swift */ = {isa = PBXFileReference; lastKnownFileType = sourcecode.swift; path = SceneDelegate.swift; sourceTree = "<group>"; };
		88556FD12918E248003CD336 /* ViewController.swift */ = {isa = PBXFileReference; lastKnownFileType = sourcecode.swift; path = ViewController.swift; sourceTree = "<group>"; };
		88556FD42918E248003CD336 /* Base */ = {isa = PBXFileReference; lastKnownFileType = file.storyboard; name = Base; path = Base.lproj/Main.storyboard; sourceTree = "<group>"; };
		88556FD62918E249003CD336 /* Assets.xcassets */ = {isa = PBXFileReference; lastKnownFileType = folder.assetcatalog; path = Assets.xcassets; sourceTree = "<group>"; };
		88556FD92918E249003CD336 /* Base */ = {isa = PBXFileReference; lastKnownFileType = file.storyboard; name = Base; path = Base.lproj/LaunchScreen.storyboard; sourceTree = "<group>"; };
		88556FDB2918E249003CD336 /* Info.plist */ = {isa = PBXFileReference; lastKnownFileType = text.plist.xml; path = Info.plist; sourceTree = "<group>"; };
		88556FE62918E74B003CD336 /* BaseView.swift */ = {isa = PBXFileReference; lastKnownFileType = sourcecode.swift; path = BaseView.swift; sourceTree = "<group>"; };
		88556FE92918E757003CD336 /* BaseViewController.swift */ = {isa = PBXFileReference; lastKnownFileType = sourcecode.swift; path = BaseViewController.swift; sourceTree = "<group>"; };
		88556FF62918F12A003CD336 /* OnboardingView.swift */ = {isa = PBXFileReference; lastKnownFileType = sourcecode.swift; path = OnboardingView.swift; sourceTree = "<group>"; };
		88556FFA2918F153003CD336 /* OnboardingViewController.swift */ = {isa = PBXFileReference; lastKnownFileType = sourcecode.swift; path = OnboardingViewController.swift; sourceTree = "<group>"; };
		88556FFC2918F28C003CD336 /* Extension+UIColor.swift */ = {isa = PBXFileReference; lastKnownFileType = sourcecode.swift; path = "Extension+UIColor.swift"; sourceTree = "<group>"; };
		88556FFF2918F651003CD336 /* Extension+UIFont.swift */ = {isa = PBXFileReference; lastKnownFileType = sourcecode.swift; path = "Extension+UIFont.swift"; sourceTree = "<group>"; };
		885570062919586A003CD336 /* OnboardingViewModel.swift */ = {isa = PBXFileReference; lastKnownFileType = sourcecode.swift; path = OnboardingViewModel.swift; sourceTree = "<group>"; };
		885570082919591A003CD336 /* OnboardingCollectionViewCell.swift */ = {isa = PBXFileReference; lastKnownFileType = sourcecode.swift; path = OnboardingCollectionViewCell.swift; sourceTree = "<group>"; };
		8855700A29195D04003CD336 /* BaseCollectionViewCell.swift */ = {isa = PBXFileReference; lastKnownFileType = sourcecode.swift; path = BaseCollectionViewCell.swift; sourceTree = "<group>"; };
		8855700C2919600F003CD336 /* OnboardingData.swift */ = {isa = PBXFileReference; lastKnownFileType = sourcecode.swift; path = OnboardingData.swift; sourceTree = "<group>"; };
		889215EE291979A300DE147C /* NotoSansCJKkr-Regular.otf */ = {isa = PBXFileReference; lastKnownFileType = file; path = "NotoSansCJKkr-Regular.otf"; sourceTree = "<group>"; };
		889215EF291979A300DE147C /* NotoSansCJKkr-Medium.otf */ = {isa = PBXFileReference; lastKnownFileType = file; path = "NotoSansCJKkr-Medium.otf"; sourceTree = "<group>"; };
		889215F2291983AF00DE147C /* ReusableViewProtocol.swift */ = {isa = PBXFileReference; lastKnownFileType = sourcecode.swift; path = ReusableViewProtocol.swift; sourceTree = "<group>"; };
		889215F52919884C00DE147C /* LoginView.swift */ = {isa = PBXFileReference; lastKnownFileType = sourcecode.swift; path = LoginView.swift; sourceTree = "<group>"; };
		889215F82919885900DE147C /* LoginViewController.swift */ = {isa = PBXFileReference; lastKnownFileType = sourcecode.swift; path = LoginViewController.swift; sourceTree = "<group>"; };
		889215FA2919887100DE147C /* LoginViewModel.swift */ = {isa = PBXFileReference; lastKnownFileType = sourcecode.swift; path = LoginViewModel.swift; sourceTree = "<group>"; };
		889215FC291A1EDD00DE147C /* Extension+UILabel.swift */ = {isa = PBXFileReference; lastKnownFileType = sourcecode.swift; path = "Extension+UILabel.swift"; sourceTree = "<group>"; };
		88921600291A29EF00DE147C /* LoginCheckView.swift */ = {isa = PBXFileReference; lastKnownFileType = sourcecode.swift; path = LoginCheckView.swift; sourceTree = "<group>"; };
		88921602291A29FC00DE147C /* LoginCheckViewController.swift */ = {isa = PBXFileReference; lastKnownFileType = sourcecode.swift; path = LoginCheckViewController.swift; sourceTree = "<group>"; };
		88921604291A2A0500DE147C /* LoginCheckViewModel.swift */ = {isa = PBXFileReference; lastKnownFileType = sourcecode.swift; path = LoginCheckViewModel.swift; sourceTree = "<group>"; };
		8892160D291ABE1300DE147C /* SeSacStudy.entitlements */ = {isa = PBXFileReference; lastKnownFileType = text.plist.entitlements; path = SeSacStudy.entitlements; sourceTree = "<group>"; };
		8892160E291AC49800DE147C /* GoogleService-Info.plist */ = {isa = PBXFileReference; fileEncoding = 4; lastKnownFileType = text.plist.xml; path = "GoogleService-Info.plist"; sourceTree = "<group>"; };
/* End PBXFileReference section */

/* Begin PBXFrameworksBuildPhase section */
		88556FC72918E248003CD336 /* Frameworks */ = {
			isa = PBXFrameworksBuildPhase;
			buildActionMask = 2147483647;
			files = (
				885570052919585A003CD336 /* RxSwift in Frameworks */,
				885570032919585A003CD336 /* RxCocoa in Frameworks */,
				88556FF52918EF31003CD336 /* SnapKit in Frameworks */,
				8892160C291ABBB500DE147C /* FirebaseAuth in Frameworks */,
			);
			runOnlyForDeploymentPostprocessing = 0;
		};
/* End PBXFrameworksBuildPhase section */

/* Begin PBXGroup section */
		88556FC12918E248003CD336 = {
			isa = PBXGroup;
			children = (
				88556FCC2918E248003CD336 /* SeSacStudy */,
				88556FCB2918E248003CD336 /* Products */,
			);
			sourceTree = "<group>";
		};
		88556FCB2918E248003CD336 /* Products */ = {
			isa = PBXGroup;
			children = (
				88556FCA2918E248003CD336 /* SeSacStudy.app */,
			);
			name = Products;
			sourceTree = "<group>";
		};
		88556FCC2918E248003CD336 /* SeSacStudy */ = {
			isa = PBXGroup;
			children = (
				8892160D291ABE1300DE147C /* SeSacStudy.entitlements */,
				88556FCD2918E248003CD336 /* AppDelegate.swift */,
				88556FCF2918E248003CD336 /* SceneDelegate.swift */,
				88556FD12918E248003CD336 /* ViewController.swift */,
				88556FD32918E248003CD336 /* Main.storyboard */,
				88556FD82918E249003CD336 /* LaunchScreen.storyboard */,
				8855700E29196011003CD336 /* Model */,
				88556FF92918F140003CD336 /* Scene */,
				88556FF22918EE62003CD336 /* Utility */,
				88556FD62918E249003CD336 /* Assets.xcassets */,
				889215ED2919783500DE147C /* Source */,
				88556FDB2918E249003CD336 /* Info.plist */,
				8892160E291AC49800DE147C /* GoogleService-Info.plist */,
			);
			path = SeSacStudy;
			sourceTree = "<group>";
		};
		88556FE82918E74E003CD336 /* Base */ = {
			isa = PBXGroup;
			children = (
				88556FE62918E74B003CD336 /* BaseView.swift */,
				88556FE92918E757003CD336 /* BaseViewController.swift */,
				8855700A29195D04003CD336 /* BaseCollectionViewCell.swift */,
			);
			path = Base;
			sourceTree = "<group>";
		};
		88556FF22918EE62003CD336 /* Utility */ = {
			isa = PBXGroup;
			children = (
				88556FE82918E74E003CD336 /* Base */,
				88556FFE2918F28F003CD336 /* Extension */,
				889215F4291983C700DE147C /* Protocol */,
			);
			path = Utility;
			sourceTree = "<group>";
		};
		88556FF82918F12D003CD336 /* Onboarding */ = {
			isa = PBXGroup;
			children = (
				88556FF62918F12A003CD336 /* OnboardingView.swift */,
				88556FFA2918F153003CD336 /* OnboardingViewController.swift */,
				885570062919586A003CD336 /* OnboardingViewModel.swift */,
				885570082919591A003CD336 /* OnboardingCollectionViewCell.swift */,
			);
			path = Onboarding;
			sourceTree = "<group>";
		};
		88556FF92918F140003CD336 /* Scene */ = {
			isa = PBXGroup;
			children = (
				88556FF82918F12D003CD336 /* Onboarding */,
				889215F72919884F00DE147C /* Login */,
			);
			path = Scene;
			sourceTree = "<group>";
		};
		88556FFE2918F28F003CD336 /* Extension */ = {
			isa = PBXGroup;
			children = (
				88556FFC2918F28C003CD336 /* Extension+UIColor.swift */,
				88556FFF2918F651003CD336 /* Extension+UIFont.swift */,
				889215FC291A1EDD00DE147C /* Extension+UILabel.swift */,
			);
			path = Extension;
			sourceTree = "<group>";
		};
		8855700E29196011003CD336 /* Model */ = {
			isa = PBXGroup;
			children = (
				8855700C2919600F003CD336 /* OnboardingData.swift */,
			);
			path = Model;
			sourceTree = "<group>";
		};
		889215ED2919783500DE147C /* Source */ = {
			isa = PBXGroup;
			children = (
				889215EF291979A300DE147C /* NotoSansCJKkr-Medium.otf */,
				889215EE291979A300DE147C /* NotoSansCJKkr-Regular.otf */,
			);
			path = Source;
			sourceTree = "<group>";
		};
		889215F4291983C700DE147C /* Protocol */ = {
			isa = PBXGroup;
			children = (
				889215F2291983AF00DE147C /* ReusableViewProtocol.swift */,
			);
			path = Protocol;
			sourceTree = "<group>";
		};
		889215F72919884F00DE147C /* Login */ = {
			isa = PBXGroup;
			children = (
				889215FE291A29CA00DE147C /* 0_1_Login */,
				889215FF291A29DC00DE147C /* 0_2_Login */,
			);
			path = Login;
			sourceTree = "<group>";
		};
		889215FE291A29CA00DE147C /* 0_1_Login */ = {
			isa = PBXGroup;
			children = (
				889215F52919884C00DE147C /* LoginView.swift */,
				889215F82919885900DE147C /* LoginViewController.swift */,
				889215FA2919887100DE147C /* LoginViewModel.swift */,
			);
			path = 0_1_Login;
			sourceTree = "<group>";
		};
		889215FF291A29DC00DE147C /* 0_2_Login */ = {
			isa = PBXGroup;
			children = (
				88921600291A29EF00DE147C /* LoginCheckView.swift */,
				88921602291A29FC00DE147C /* LoginCheckViewController.swift */,
				88921604291A2A0500DE147C /* LoginCheckViewModel.swift */,
			);
			path = 0_2_Login;
			sourceTree = "<group>";
		};
/* End PBXGroup section */

/* Begin PBXNativeTarget section */
		88556FC92918E248003CD336 /* SeSacStudy */ = {
			isa = PBXNativeTarget;
			buildConfigurationList = 88556FDE2918E249003CD336 /* Build configuration list for PBXNativeTarget "SeSacStudy" */;
			buildPhases = (
				88556FC62918E248003CD336 /* Sources */,
				88556FC72918E248003CD336 /* Frameworks */,
				88556FC82918E248003CD336 /* Resources */,
			);
			buildRules = (
			);
			dependencies = (
			);
			name = SeSacStudy;
			packageProductDependencies = (
				88556FF42918EF31003CD336 /* SnapKit */,
				885570022919585A003CD336 /* RxCocoa */,
				885570042919585A003CD336 /* RxSwift */,
				8892160B291ABBB500DE147C /* FirebaseAuth */,
			);
			productName = SeSacStudy;
			productReference = 88556FCA2918E248003CD336 /* SeSacStudy.app */;
			productType = "com.apple.product-type.application";
		};
/* End PBXNativeTarget section */

/* Begin PBXProject section */
		88556FC22918E248003CD336 /* Project object */ = {
			isa = PBXProject;
			attributes = {
				BuildIndependentTargetsInParallel = 1;
				LastSwiftUpdateCheck = 1410;
				LastUpgradeCheck = 1410;
				TargetAttributes = {
					88556FC92918E248003CD336 = {
						CreatedOnToolsVersion = 14.1;
					};
				};
			};
			buildConfigurationList = 88556FC52918E248003CD336 /* Build configuration list for PBXProject "SeSacStudy" */;
			compatibilityVersion = "Xcode 14.0";
			developmentRegion = en;
			hasScannedForEncodings = 0;
			knownRegions = (
				en,
				Base,
			);
			mainGroup = 88556FC12918E248003CD336;
			packageReferences = (
				88556FF32918EF31003CD336 /* XCRemoteSwiftPackageReference "SnapKit" */,
				885570012919585A003CD336 /* XCRemoteSwiftPackageReference "RxSwift" */,
				8892160A291ABBB500DE147C /* XCRemoteSwiftPackageReference "firebase-ios-sdk" */,
			);
			productRefGroup = 88556FCB2918E248003CD336 /* Products */;
			projectDirPath = "";
			projectRoot = "";
			targets = (
				88556FC92918E248003CD336 /* SeSacStudy */,
			);
		};
/* End PBXProject section */

/* Begin PBXResourcesBuildPhase section */
		88556FC82918E248003CD336 /* Resources */ = {
			isa = PBXResourcesBuildPhase;
			buildActionMask = 2147483647;
			files = (
				88556FDA2918E249003CD336 /* LaunchScreen.storyboard in Resources */,
				889215F0291979A300DE147C /* NotoSansCJKkr-Regular.otf in Resources */,
				88556FD72918E249003CD336 /* Assets.xcassets in Resources */,
				88556FD52918E248003CD336 /* Main.storyboard in Resources */,
				889215F1291979A300DE147C /* NotoSansCJKkr-Medium.otf in Resources */,
				8892160F291AC49800DE147C /* GoogleService-Info.plist in Resources */,
			);
			runOnlyForDeploymentPostprocessing = 0;
		};
/* End PBXResourcesBuildPhase section */

/* Begin PBXSourcesBuildPhase section */
		88556FC62918E248003CD336 /* Sources */ = {
			isa = PBXSourcesBuildPhase;
			buildActionMask = 2147483647;
			files = (
				88556FF72918F12A003CD336 /* OnboardingView.swift in Sources */,
				885570092919591A003CD336 /* OnboardingCollectionViewCell.swift in Sources */,
				88556FD22918E248003CD336 /* ViewController.swift in Sources */,
				88921605291A2A0500DE147C /* LoginCheckViewModel.swift in Sources */,
				889215F62919884C00DE147C /* LoginView.swift in Sources */,
				88556FE72918E74B003CD336 /* BaseView.swift in Sources */,
				8855700D2919600F003CD336 /* OnboardingData.swift in Sources */,
				889215FD291A1EDD00DE147C /* Extension+UILabel.swift in Sources */,
				88556FCE2918E248003CD336 /* AppDelegate.swift in Sources */,
				8855700B29195D04003CD336 /* BaseCollectionViewCell.swift in Sources */,
				885570002918F651003CD336 /* Extension+UIFont.swift in Sources */,
				88556FFB2918F153003CD336 /* OnboardingViewController.swift in Sources */,
				889215FB2919887100DE147C /* LoginViewModel.swift in Sources */,
				88556FD02918E248003CD336 /* SceneDelegate.swift in Sources */,
				88556FEA2918E757003CD336 /* BaseViewController.swift in Sources */,
				889215F92919885900DE147C /* LoginViewController.swift in Sources */,
				889215F3291983AF00DE147C /* ReusableViewProtocol.swift in Sources */,
				88556FFD2918F28C003CD336 /* Extension+UIColor.swift in Sources */,
				885570072919586A003CD336 /* OnboardingViewModel.swift in Sources */,
				88921601291A29EF00DE147C /* LoginCheckView.swift in Sources */,
				88921603291A29FC00DE147C /* LoginCheckViewController.swift in Sources */,
			);
			runOnlyForDeploymentPostprocessing = 0;
		};
/* End PBXSourcesBuildPhase section */

/* Begin PBXVariantGroup section */
		88556FD32918E248003CD336 /* Main.storyboard */ = {
			isa = PBXVariantGroup;
			children = (
				88556FD42918E248003CD336 /* Base */,
			);
			name = Main.storyboard;
			sourceTree = "<group>";
		};
		88556FD82918E249003CD336 /* LaunchScreen.storyboard */ = {
			isa = PBXVariantGroup;
			children = (
				88556FD92918E249003CD336 /* Base */,
			);
			name = LaunchScreen.storyboard;
			sourceTree = "<group>";
		};
/* End PBXVariantGroup section */

/* Begin XCBuildConfiguration section */
		88556FDC2918E249003CD336 /* Debug */ = {
			isa = XCBuildConfiguration;
			buildSettings = {
				ALWAYS_SEARCH_USER_PATHS = NO;
				CLANG_ANALYZER_NONNULL = YES;
				CLANG_ANALYZER_NUMBER_OBJECT_CONVERSION = YES_AGGRESSIVE;
				CLANG_CXX_LANGUAGE_STANDARD = "gnu++20";
				CLANG_ENABLE_MODULES = YES;
				CLANG_ENABLE_OBJC_ARC = YES;
				CLANG_ENABLE_OBJC_WEAK = YES;
				CLANG_WARN_BLOCK_CAPTURE_AUTORELEASING = YES;
				CLANG_WARN_BOOL_CONVERSION = YES;
				CLANG_WARN_COMMA = YES;
				CLANG_WARN_CONSTANT_CONVERSION = YES;
				CLANG_WARN_DEPRECATED_OBJC_IMPLEMENTATIONS = YES;
				CLANG_WARN_DIRECT_OBJC_ISA_USAGE = YES_ERROR;
				CLANG_WARN_DOCUMENTATION_COMMENTS = YES;
				CLANG_WARN_EMPTY_BODY = YES;
				CLANG_WARN_ENUM_CONVERSION = YES;
				CLANG_WARN_INFINITE_RECURSION = YES;
				CLANG_WARN_INT_CONVERSION = YES;
				CLANG_WARN_NON_LITERAL_NULL_CONVERSION = YES;
				CLANG_WARN_OBJC_IMPLICIT_RETAIN_SELF = YES;
				CLANG_WARN_OBJC_LITERAL_CONVERSION = YES;
				CLANG_WARN_OBJC_ROOT_CLASS = YES_ERROR;
				CLANG_WARN_QUOTED_INCLUDE_IN_FRAMEWORK_HEADER = YES;
				CLANG_WARN_RANGE_LOOP_ANALYSIS = YES;
				CLANG_WARN_STRICT_PROTOTYPES = YES;
				CLANG_WARN_SUSPICIOUS_MOVE = YES;
				CLANG_WARN_UNGUARDED_AVAILABILITY = YES_AGGRESSIVE;
				CLANG_WARN_UNREACHABLE_CODE = YES;
				CLANG_WARN__DUPLICATE_METHOD_MATCH = YES;
				COPY_PHASE_STRIP = NO;
				DEBUG_INFORMATION_FORMAT = dwarf;
				ENABLE_STRICT_OBJC_MSGSEND = YES;
				ENABLE_TESTABILITY = YES;
				GCC_C_LANGUAGE_STANDARD = gnu11;
				GCC_DYNAMIC_NO_PIC = NO;
				GCC_NO_COMMON_BLOCKS = YES;
				GCC_OPTIMIZATION_LEVEL = 0;
				GCC_PREPROCESSOR_DEFINITIONS = (
					"DEBUG=1",
					"$(inherited)",
				);
				GCC_WARN_64_TO_32_BIT_CONVERSION = YES;
				GCC_WARN_ABOUT_RETURN_TYPE = YES_ERROR;
				GCC_WARN_UNDECLARED_SELECTOR = YES;
				GCC_WARN_UNINITIALIZED_AUTOS = YES_AGGRESSIVE;
				GCC_WARN_UNUSED_FUNCTION = YES;
				GCC_WARN_UNUSED_VARIABLE = YES;
				IPHONEOS_DEPLOYMENT_TARGET = 16.1;
				MTL_ENABLE_DEBUG_INFO = INCLUDE_SOURCE;
				MTL_FAST_MATH = YES;
				ONLY_ACTIVE_ARCH = YES;
				SDKROOT = iphoneos;
				SWIFT_ACTIVE_COMPILATION_CONDITIONS = DEBUG;
				SWIFT_OPTIMIZATION_LEVEL = "-Onone";
			};
			name = Debug;
		};
		88556FDD2918E249003CD336 /* Release */ = {
			isa = XCBuildConfiguration;
			buildSettings = {
				ALWAYS_SEARCH_USER_PATHS = NO;
				CLANG_ANALYZER_NONNULL = YES;
				CLANG_ANALYZER_NUMBER_OBJECT_CONVERSION = YES_AGGRESSIVE;
				CLANG_CXX_LANGUAGE_STANDARD = "gnu++20";
				CLANG_ENABLE_MODULES = YES;
				CLANG_ENABLE_OBJC_ARC = YES;
				CLANG_ENABLE_OBJC_WEAK = YES;
				CLANG_WARN_BLOCK_CAPTURE_AUTORELEASING = YES;
				CLANG_WARN_BOOL_CONVERSION = YES;
				CLANG_WARN_COMMA = YES;
				CLANG_WARN_CONSTANT_CONVERSION = YES;
				CLANG_WARN_DEPRECATED_OBJC_IMPLEMENTATIONS = YES;
				CLANG_WARN_DIRECT_OBJC_ISA_USAGE = YES_ERROR;
				CLANG_WARN_DOCUMENTATION_COMMENTS = YES;
				CLANG_WARN_EMPTY_BODY = YES;
				CLANG_WARN_ENUM_CONVERSION = YES;
				CLANG_WARN_INFINITE_RECURSION = YES;
				CLANG_WARN_INT_CONVERSION = YES;
				CLANG_WARN_NON_LITERAL_NULL_CONVERSION = YES;
				CLANG_WARN_OBJC_IMPLICIT_RETAIN_SELF = YES;
				CLANG_WARN_OBJC_LITERAL_CONVERSION = YES;
				CLANG_WARN_OBJC_ROOT_CLASS = YES_ERROR;
				CLANG_WARN_QUOTED_INCLUDE_IN_FRAMEWORK_HEADER = YES;
				CLANG_WARN_RANGE_LOOP_ANALYSIS = YES;
				CLANG_WARN_STRICT_PROTOTYPES = YES;
				CLANG_WARN_SUSPICIOUS_MOVE = YES;
				CLANG_WARN_UNGUARDED_AVAILABILITY = YES_AGGRESSIVE;
				CLANG_WARN_UNREACHABLE_CODE = YES;
				CLANG_WARN__DUPLICATE_METHOD_MATCH = YES;
				COPY_PHASE_STRIP = NO;
				DEBUG_INFORMATION_FORMAT = "dwarf-with-dsym";
				ENABLE_NS_ASSERTIONS = NO;
				ENABLE_STRICT_OBJC_MSGSEND = YES;
				GCC_C_LANGUAGE_STANDARD = gnu11;
				GCC_NO_COMMON_BLOCKS = YES;
				GCC_WARN_64_TO_32_BIT_CONVERSION = YES;
				GCC_WARN_ABOUT_RETURN_TYPE = YES_ERROR;
				GCC_WARN_UNDECLARED_SELECTOR = YES;
				GCC_WARN_UNINITIALIZED_AUTOS = YES_AGGRESSIVE;
				GCC_WARN_UNUSED_FUNCTION = YES;
				GCC_WARN_UNUSED_VARIABLE = YES;
				IPHONEOS_DEPLOYMENT_TARGET = 16.1;
				MTL_ENABLE_DEBUG_INFO = NO;
				MTL_FAST_MATH = YES;
				SDKROOT = iphoneos;
				SWIFT_COMPILATION_MODE = wholemodule;
				SWIFT_OPTIMIZATION_LEVEL = "-O";
				VALIDATE_PRODUCT = YES;
			};
			name = Release;
		};
		88556FDF2918E249003CD336 /* Debug */ = {
			isa = XCBuildConfiguration;
			buildSettings = {
				ASSETCATALOG_COMPILER_APPICON_NAME = AppIcon;
				ASSETCATALOG_COMPILER_GLOBAL_ACCENT_COLOR_NAME = AccentColor;
				CODE_SIGN_ENTITLEMENTS = SeSacStudy/SeSacStudy.entitlements;
				CODE_SIGN_STYLE = Automatic;
				CURRENT_PROJECT_VERSION = 1;
				DEVELOPMENT_TEAM = CH36BYYATY;
				GENERATE_INFOPLIST_FILE = YES;
				INFOPLIST_FILE = SeSacStudy/Info.plist;
				INFOPLIST_KEY_UIApplicationSupportsIndirectInputEvents = YES;
				INFOPLIST_KEY_UILaunchStoryboardName = LaunchScreen;
				INFOPLIST_KEY_UIMainStoryboardFile = Main;
				INFOPLIST_KEY_UISupportedInterfaceOrientations_iPad = "UIInterfaceOrientationPortrait UIInterfaceOrientationPortraitUpsideDown UIInterfaceOrientationLandscapeLeft UIInterfaceOrientationLandscapeRight";
				INFOPLIST_KEY_UISupportedInterfaceOrientations_iPhone = "UIInterfaceOrientationPortrait UIInterfaceOrientationLandscapeLeft UIInterfaceOrientationLandscapeRight";
				IPHONEOS_DEPLOYMENT_TARGET = 15.0;
				LD_RUNPATH_SEARCH_PATHS = (
					"$(inherited)",
					"@executable_path/Frameworks",
				);
				MARKETING_VERSION = 1.0;
				PRODUCT_BUNDLE_IDENTIFIER = com.ryuyeon.SeSacStudy;
				PRODUCT_NAME = "$(TARGET_NAME)";
				SWIFT_EMIT_LOC_STRINGS = YES;
				SWIFT_VERSION = 5.0;
				TARGETED_DEVICE_FAMILY = "1,2";
			};
			name = Debug;
		};
		88556FE02918E249003CD336 /* Release */ = {
			isa = XCBuildConfiguration;
			buildSettings = {
				ASSETCATALOG_COMPILER_APPICON_NAME = AppIcon;
				ASSETCATALOG_COMPILER_GLOBAL_ACCENT_COLOR_NAME = AccentColor;
				CODE_SIGN_ENTITLEMENTS = SeSacStudy/SeSacStudy.entitlements;
				CODE_SIGN_STYLE = Automatic;
				CURRENT_PROJECT_VERSION = 1;
				DEVELOPMENT_TEAM = CH36BYYATY;
				GENERATE_INFOPLIST_FILE = YES;
				INFOPLIST_FILE = SeSacStudy/Info.plist;
				INFOPLIST_KEY_UIApplicationSupportsIndirectInputEvents = YES;
				INFOPLIST_KEY_UILaunchStoryboardName = LaunchScreen;
				INFOPLIST_KEY_UIMainStoryboardFile = Main;
				INFOPLIST_KEY_UISupportedInterfaceOrientations_iPad = "UIInterfaceOrientationPortrait UIInterfaceOrientationPortraitUpsideDown UIInterfaceOrientationLandscapeLeft UIInterfaceOrientationLandscapeRight";
				INFOPLIST_KEY_UISupportedInterfaceOrientations_iPhone = "UIInterfaceOrientationPortrait UIInterfaceOrientationLandscapeLeft UIInterfaceOrientationLandscapeRight";
				IPHONEOS_DEPLOYMENT_TARGET = 15.0;
				LD_RUNPATH_SEARCH_PATHS = (
					"$(inherited)",
					"@executable_path/Frameworks",
				);
				MARKETING_VERSION = 1.0;
				PRODUCT_BUNDLE_IDENTIFIER = com.ryuyeon.SeSacStudy;
				PRODUCT_NAME = "$(TARGET_NAME)";
				SWIFT_EMIT_LOC_STRINGS = YES;
				SWIFT_VERSION = 5.0;
				TARGETED_DEVICE_FAMILY = "1,2";
			};
			name = Release;
		};
/* End XCBuildConfiguration section */

/* Begin XCConfigurationList section */
		88556FC52918E248003CD336 /* Build configuration list for PBXProject "SeSacStudy" */ = {
			isa = XCConfigurationList;
			buildConfigurations = (
				88556FDC2918E249003CD336 /* Debug */,
				88556FDD2918E249003CD336 /* Release */,
			);
			defaultConfigurationIsVisible = 0;
			defaultConfigurationName = Release;
		};
		88556FDE2918E249003CD336 /* Build configuration list for PBXNativeTarget "SeSacStudy" */ = {
			isa = XCConfigurationList;
			buildConfigurations = (
				88556FDF2918E249003CD336 /* Debug */,
				88556FE02918E249003CD336 /* Release */,
			);
			defaultConfigurationIsVisible = 0;
			defaultConfigurationName = Release;
		};
/* End XCConfigurationList section */

/* Begin XCRemoteSwiftPackageReference section */
		88556FF32918EF31003CD336 /* XCRemoteSwiftPackageReference "SnapKit" */ = {
			isa = XCRemoteSwiftPackageReference;
			repositoryURL = "https://github.com/SnapKit/SnapKit.git";
			requirement = {
				kind = upToNextMajorVersion;
				minimumVersion = 5.0.0;
			};
		};
		885570012919585A003CD336 /* XCRemoteSwiftPackageReference "RxSwift" */ = {
			isa = XCRemoteSwiftPackageReference;
			repositoryURL = "https://github.com/ReactiveX/RxSwift.git";
			requirement = {
				kind = upToNextMajorVersion;
				minimumVersion = 6.0.0;
			};
		};
		8892160A291ABBB500DE147C /* XCRemoteSwiftPackageReference "firebase-ios-sdk" */ = {
			isa = XCRemoteSwiftPackageReference;
			repositoryURL = "https://github.com/firebase/firebase-ios-sdk";
			requirement = {
				kind = upToNextMajorVersion;
				minimumVersion = 9.0.0;
			};
		};
/* End XCRemoteSwiftPackageReference section */

/* Begin XCSwiftPackageProductDependency section */
		88556FF42918EF31003CD336 /* SnapKit */ = {
			isa = XCSwiftPackageProductDependency;
			package = 88556FF32918EF31003CD336 /* XCRemoteSwiftPackageReference "SnapKit" */;
			productName = SnapKit;
		};
		885570022919585A003CD336 /* RxCocoa */ = {
			isa = XCSwiftPackageProductDependency;
			package = 885570012919585A003CD336 /* XCRemoteSwiftPackageReference "RxSwift" */;
			productName = RxCocoa;
		};
		885570042919585A003CD336 /* RxSwift */ = {
			isa = XCSwiftPackageProductDependency;
			package = 885570012919585A003CD336 /* XCRemoteSwiftPackageReference "RxSwift" */;
			productName = RxSwift;
		};
		8892160B291ABBB500DE147C /* FirebaseAuth */ = {
			isa = XCSwiftPackageProductDependency;
			package = 8892160A291ABBB500DE147C /* XCRemoteSwiftPackageReference "firebase-ios-sdk" */;
			productName = FirebaseAuth;
		};
/* End XCSwiftPackageProductDependency section */
	};
	rootObject = 88556FC22918E248003CD336 /* Project object */;
}
