// !$*UTF8*$!
{
	archiveVersion = 1;
	classes = {
	};
	objectVersion = 56;
	objects = {

/* Begin PBXBuildFile section */
		88055983291CFBEC00F4D4A2 /* APIService.swift in Sources */ = {isa = PBXBuildFile; fileRef = 88055982291CFBEC00F4D4A2 /* APIService.swift */; };
		88055986291CFC1200F4D4A2 /* EndPoint.swift in Sources */ = {isa = PBXBuildFile; fileRef = 88055985291CFC1200F4D4A2 /* EndPoint.swift */; };
		88055989291CFC5300F4D4A2 /* Alamofire in Frameworks */ = {isa = PBXBuildFile; productRef = 88055988291CFC5300F4D4A2 /* Alamofire */; };
		8805598B291CFDFD00F4D4A2 /* User.swift in Sources */ = {isa = PBXBuildFile; fileRef = 8805598A291CFDFD00F4D4A2 /* User.swift */; };
		8805598D291D0D7100F4D4A2 /* GoogleService-Info.plist in Resources */ = {isa = PBXBuildFile; fileRef = 8805598C291D0D7100F4D4A2 /* GoogleService-Info.plist */; };
		88055990291D11D300F4D4A2 /* HomeViewController.swift in Sources */ = {isa = PBXBuildFile; fileRef = 8805598F291D11D300F4D4A2 /* HomeViewController.swift */; };
		88055992291D1D4100F4D4A2 /* Profile.swift in Sources */ = {isa = PBXBuildFile; fileRef = 88055991291D1D4100F4D4A2 /* Profile.swift */; };
		88055995291D22B400F4D4A2 /* FirebaseAuth in Frameworks */ = {isa = PBXBuildFile; productRef = 88055994291D22B400F4D4A2 /* FirebaseAuth */; };
		88055997291D22B400F4D4A2 /* FirebaseMessaging in Frameworks */ = {isa = PBXBuildFile; productRef = 88055996291D22B400F4D4A2 /* FirebaseMessaging */; };
		88055999291DE90800F4D4A2 /* MainTabBarController.swift in Sources */ = {isa = PBXBuildFile; fileRef = 88055998291DE90800F4D4A2 /* MainTabBarController.swift */; };
		8805599B291DE9FD00F4D4A2 /* HomeView.swift in Sources */ = {isa = PBXBuildFile; fileRef = 8805599A291DE9FD00F4D4A2 /* HomeView.swift */; };
		8805599D291DEA0A00F4D4A2 /* HomeViewModel.swift in Sources */ = {isa = PBXBuildFile; fileRef = 8805599C291DEA0A00F4D4A2 /* HomeViewModel.swift */; };
		880559A0291DEADE00F4D4A2 /* ShopView.swift in Sources */ = {isa = PBXBuildFile; fileRef = 8805599F291DEADE00F4D4A2 /* ShopView.swift */; };
		880559A2291DEAFA00F4D4A2 /* ShopViewController.swift in Sources */ = {isa = PBXBuildFile; fileRef = 880559A1291DEAFA00F4D4A2 /* ShopViewController.swift */; };
		880559A4291DEB2800F4D4A2 /* ShopViewModel.swift in Sources */ = {isa = PBXBuildFile; fileRef = 880559A3291DEB2800F4D4A2 /* ShopViewModel.swift */; };
		880559A8291DED7F00F4D4A2 /* FriendView.swift in Sources */ = {isa = PBXBuildFile; fileRef = 880559A7291DED7F00F4D4A2 /* FriendView.swift */; };
		880559AA291DEE0600F4D4A2 /* FriendViewController.swift in Sources */ = {isa = PBXBuildFile; fileRef = 880559A9291DEE0600F4D4A2 /* FriendViewController.swift */; };
		880559AC291DEE2F00F4D4A2 /* FriendViewModel.swift in Sources */ = {isa = PBXBuildFile; fileRef = 880559AB291DEE2F00F4D4A2 /* FriendViewModel.swift */; };
		880559AE291DEE4800F4D4A2 /* MyInfoView.swift in Sources */ = {isa = PBXBuildFile; fileRef = 880559AD291DEE4800F4D4A2 /* MyInfoView.swift */; };
		880559B0291DEE7F00F4D4A2 /* MyInfoViewController.swift in Sources */ = {isa = PBXBuildFile; fileRef = 880559AF291DEE7F00F4D4A2 /* MyInfoViewController.swift */; };
		880559B2291DEE9200F4D4A2 /* MyInfoViewModel.swift in Sources */ = {isa = PBXBuildFile; fileRef = 880559B1291DEE9200F4D4A2 /* MyInfoViewModel.swift */; };
		880559B4291E485600F4D4A2 /* SplashView.swift in Sources */ = {isa = PBXBuildFile; fileRef = 880559B3291E485600F4D4A2 /* SplashView.swift */; };
		880559B7291E487200F4D4A2 /* SplashViewController.swift in Sources */ = {isa = PBXBuildFile; fileRef = 880559B6291E487200F4D4A2 /* SplashViewController.swift */; };
		880559B9291E488300F4D4A2 /* SplashViewModel.swift in Sources */ = {isa = PBXBuildFile; fileRef = 880559B8291E488300F4D4A2 /* SplashViewModel.swift */; };
		880559C1291F2B9C00F4D4A2 /* MyInfoTableViewCell.swift in Sources */ = {isa = PBXBuildFile; fileRef = 880559C0291F2B9C00F4D4A2 /* MyInfoTableViewCell.swift */; };
		880559C3291F2BB800F4D4A2 /* BaseTableViewCell.swift in Sources */ = {isa = PBXBuildFile; fileRef = 880559C2291F2BB800F4D4A2 /* BaseTableViewCell.swift */; };
		8826E2BA291AFAA600AF8023 /* NicknameView.swift in Sources */ = {isa = PBXBuildFile; fileRef = 8826E2B9291AFAA600AF8023 /* NicknameView.swift */; };
		8826E2BC291AFC5100AF8023 /* NicknameViewController.swift in Sources */ = {isa = PBXBuildFile; fileRef = 8826E2BB291AFC5100AF8023 /* NicknameViewController.swift */; };
		8826E2BE291AFCAD00AF8023 /* NicknameViewModel.swift in Sources */ = {isa = PBXBuildFile; fileRef = 8826E2BD291AFCAD00AF8023 /* NicknameViewModel.swift */; };
		8826E2C3291B718900AF8023 /* FirebaseAuthManager.swift in Sources */ = {isa = PBXBuildFile; fileRef = 8826E2C2291B718900AF8023 /* FirebaseAuthManager.swift */; };
		8826E2C6291B818200AF8023 /* BirthView.swift in Sources */ = {isa = PBXBuildFile; fileRef = 8826E2C5291B818200AF8023 /* BirthView.swift */; };
		8826E2C8291B829900AF8023 /* BirthViewController.swift in Sources */ = {isa = PBXBuildFile; fileRef = 8826E2C7291B829900AF8023 /* BirthViewController.swift */; };
		8826E2CA291B82CF00AF8023 /* BirthViewModel.swift in Sources */ = {isa = PBXBuildFile; fileRef = 8826E2C9291B82CF00AF8023 /* BirthViewModel.swift */; };
		8826E2CE291BF10600AF8023 /* DateView.swift in Sources */ = {isa = PBXBuildFile; fileRef = 8826E2CD291BF10600AF8023 /* DateView.swift */; };
		8826E2D0291BF91200AF8023 /* EmailView.swift in Sources */ = {isa = PBXBuildFile; fileRef = 8826E2CF291BF91200AF8023 /* EmailView.swift */; };
		8826E2D2291BF91A00AF8023 /* EmailViewController.swift in Sources */ = {isa = PBXBuildFile; fileRef = 8826E2D1291BF91A00AF8023 /* EmailViewController.swift */; };
		8826E2D4291C58F800AF8023 /* EmailViewModel.swift in Sources */ = {isa = PBXBuildFile; fileRef = 8826E2D3291C58F800AF8023 /* EmailViewModel.swift */; };
		8826E2D6291C5A1100AF8023 /* GenderView.swift in Sources */ = {isa = PBXBuildFile; fileRef = 8826E2D5291C5A1100AF8023 /* GenderView.swift */; };
		8826E2D8291C5A1700AF8023 /* GenderViewController.swift in Sources */ = {isa = PBXBuildFile; fileRef = 8826E2D7291C5A1700AF8023 /* GenderViewController.swift */; };
		8826E2DA291C5A1E00AF8023 /* GenderViewModel.swift in Sources */ = {isa = PBXBuildFile; fileRef = 8826E2D9291C5A1E00AF8023 /* GenderViewModel.swift */; };
		88556FCE2918E248003CD336 /* AppDelegate.swift in Sources */ = {isa = PBXBuildFile; fileRef = 88556FCD2918E248003CD336 /* AppDelegate.swift */; };
		88556FD02918E248003CD336 /* SceneDelegate.swift in Sources */ = {isa = PBXBuildFile; fileRef = 88556FCF2918E248003CD336 /* SceneDelegate.swift */; };
		88556FD22918E248003CD336 /* ViewController.swift in Sources */ = {isa = PBXBuildFile; fileRef = 88556FD12918E248003CD336 /* ViewController.swift */; };
		88556FD52918E248003CD336 /* Main.storyboard in Resources */ = {isa = PBXBuildFile; fileRef = 88556FD32918E248003CD336 /* Main.storyboard */; };
		88556FD72918E249003CD336 /* Assets.xcassets in Resources */ = {isa = PBXBuildFile; fileRef = 88556FD62918E249003CD336 /* Assets.xcassets */; };
		88556FDA2918E249003CD336 /* LaunchScreen.storyboard in Resources */ = {isa = PBXBuildFile; fileRef = 88556FD82918E249003CD336 /* LaunchScreen.storyboard */; };
		88556FE72918E74B003CD336 /* BaseView.swift in Sources */ = {isa = PBXBuildFile; fileRef = 88556FE62918E74B003CD336 /* BaseView.swift */; };
		88556FEA2918E757003CD336 /* BaseViewController.swift in Sources */ = {isa = PBXBuildFile; fileRef = 88556FE92918E757003CD336 /* BaseViewController.swift */; };
		88556FF52918EF31003CD336 /* SnapKit in Frameworks */ = {isa = PBXBuildFile; productRef = 88556FF42918EF31003CD336 /* SnapKit */; };
		88556FF72918F12A003CD336 /* OnboardingView.swift in Sources */ = {isa = PBXBuildFile; fileRef = 88556FF62918F12A003CD336 /* OnboardingView.swift */; };
		88556FFB2918F153003CD336 /* OnboardingViewController.swift in Sources */ = {isa = PBXBuildFile; fileRef = 88556FFA2918F153003CD336 /* OnboardingViewController.swift */; };
		88556FFD2918F28C003CD336 /* Extension+UIColor.swift in Sources */ = {isa = PBXBuildFile; fileRef = 88556FFC2918F28C003CD336 /* Extension+UIColor.swift */; };
		885570002918F651003CD336 /* Extension+UIFont.swift in Sources */ = {isa = PBXBuildFile; fileRef = 88556FFF2918F651003CD336 /* Extension+UIFont.swift */; };
		885570032919585A003CD336 /* RxCocoa in Frameworks */ = {isa = PBXBuildFile; productRef = 885570022919585A003CD336 /* RxCocoa */; };
		885570052919585A003CD336 /* RxSwift in Frameworks */ = {isa = PBXBuildFile; productRef = 885570042919585A003CD336 /* RxSwift */; };
		885570072919586A003CD336 /* OnboardingViewModel.swift in Sources */ = {isa = PBXBuildFile; fileRef = 885570062919586A003CD336 /* OnboardingViewModel.swift */; };
		885570092919591A003CD336 /* OnboardingCollectionViewCell.swift in Sources */ = {isa = PBXBuildFile; fileRef = 885570082919591A003CD336 /* OnboardingCollectionViewCell.swift */; };
		8855700B29195D04003CD336 /* BaseCollectionViewCell.swift in Sources */ = {isa = PBXBuildFile; fileRef = 8855700A29195D04003CD336 /* BaseCollectionViewCell.swift */; };
		8855700D2919600F003CD336 /* OnboardingData.swift in Sources */ = {isa = PBXBuildFile; fileRef = 8855700C2919600F003CD336 /* OnboardingData.swift */; };
		889215F0291979A300DE147C /* NotoSansCJKkr-Regular.otf in Resources */ = {isa = PBXBuildFile; fileRef = 889215EE291979A300DE147C /* NotoSansCJKkr-Regular.otf */; };
		889215F1291979A300DE147C /* NotoSansCJKkr-Medium.otf in Resources */ = {isa = PBXBuildFile; fileRef = 889215EF291979A300DE147C /* NotoSansCJKkr-Medium.otf */; };
		889215F3291983AF00DE147C /* ReusableViewProtocol.swift in Sources */ = {isa = PBXBuildFile; fileRef = 889215F2291983AF00DE147C /* ReusableViewProtocol.swift */; };
		889215F62919884C00DE147C /* LoginView.swift in Sources */ = {isa = PBXBuildFile; fileRef = 889215F52919884C00DE147C /* LoginView.swift */; };
		889215F92919885900DE147C /* LoginViewController.swift in Sources */ = {isa = PBXBuildFile; fileRef = 889215F82919885900DE147C /* LoginViewController.swift */; };
		889215FB2919887100DE147C /* LoginViewModel.swift in Sources */ = {isa = PBXBuildFile; fileRef = 889215FA2919887100DE147C /* LoginViewModel.swift */; };
		889215FD291A1EDD00DE147C /* Extension+UILabel.swift in Sources */ = {isa = PBXBuildFile; fileRef = 889215FC291A1EDD00DE147C /* Extension+UILabel.swift */; };
		88921601291A29EF00DE147C /* LoginCheckView.swift in Sources */ = {isa = PBXBuildFile; fileRef = 88921600291A29EF00DE147C /* LoginCheckView.swift */; };
		88921603291A29FC00DE147C /* LoginCheckViewController.swift in Sources */ = {isa = PBXBuildFile; fileRef = 88921602291A29FC00DE147C /* LoginCheckViewController.swift */; };
		88921605291A2A0500DE147C /* LoginCheckViewModel.swift in Sources */ = {isa = PBXBuildFile; fileRef = 88921604291A2A0500DE147C /* LoginCheckViewModel.swift */; };
		88921612291AD5C200DE147C /* Toast in Frameworks */ = {isa = PBXBuildFile; productRef = 88921611291AD5C200DE147C /* Toast */; };
		8895468529254CA000F88C3F /* SearchView.swift in Sources */ = {isa = PBXBuildFile; fileRef = 8895468429254CA000F88C3F /* SearchView.swift */; };
		8895468929254CE200F88C3F /* SearchViewController.swift in Sources */ = {isa = PBXBuildFile; fileRef = 8895468829254CE200F88C3F /* SearchViewController.swift */; };
		8895468C2926323000F88C3F /* ButtonWithShadow.swift in Sources */ = {isa = PBXBuildFile; fileRef = 8895468B2926323000F88C3F /* ButtonWithShadow.swift */; };
		8895468E292664F600F88C3F /* MatchStatus.swift in Sources */ = {isa = PBXBuildFile; fileRef = 8895468D292664F600F88C3F /* MatchStatus.swift */; };
		8895469029266A7D00F88C3F /* SetSearchView.swift in Sources */ = {isa = PBXBuildFile; fileRef = 8895468F29266A7D00F88C3F /* SetSearchView.swift */; };
		8895469329266AA700F88C3F /* SetSearchViewController.swift in Sources */ = {isa = PBXBuildFile; fileRef = 8895469229266AA700F88C3F /* SetSearchViewController.swift */; };
		8895469529266BC400F88C3F /* ChatView.swift in Sources */ = {isa = PBXBuildFile; fileRef = 8895469429266BC400F88C3F /* ChatView.swift */; };
		8895469729266BCD00F88C3F /* ChatViewController.swift in Sources */ = {isa = PBXBuildFile; fileRef = 8895469629266BCD00F88C3F /* ChatViewController.swift */; };
		88992777292237B000294B6B /* SetInfoView.swift in Sources */ = {isa = PBXBuildFile; fileRef = 88992776292237B000294B6B /* SetInfoView.swift */; };
		8899277A292239DB00294B6B /* SetInfoViewController.swift in Sources */ = {isa = PBXBuildFile; fileRef = 88992779292239DB00294B6B /* SetInfoViewController.swift */; };
		8899277C29223B2000294B6B /* SetInfoViewModel.swift in Sources */ = {isa = PBXBuildFile; fileRef = 8899277B29223B2000294B6B /* SetInfoViewModel.swift */; };
		8899277E292248D900294B6B /* CardTabeViewCell.swift in Sources */ = {isa = PBXBuildFile; fileRef = 8899277D292248D900294B6B /* CardTabeViewCell.swift */; };
		8899278029224A3700294B6B /* InfoView.swift in Sources */ = {isa = PBXBuildFile; fileRef = 8899277F29224A3700294B6B /* InfoView.swift */; };
		8899278229224C4900294B6B /* SetInfoTableViewCell.swift in Sources */ = {isa = PBXBuildFile; fileRef = 8899278129224C4900294B6B /* SetInfoTableViewCell.swift */; };
		88992787292377FB00294B6B /* PopupView.swift in Sources */ = {isa = PBXBuildFile; fileRef = 88992786292377FB00294B6B /* PopupView.swift */; };
		8899278A29237B0C00294B6B /* PopupViewController.swift in Sources */ = {isa = PBXBuildFile; fileRef = 8899278929237B0C00294B6B /* PopupViewController.swift */; };
		8899278C2923A83A00294B6B /* BaseButton.swift in Sources */ = {isa = PBXBuildFile; fileRef = 8899278B2923A83A00294B6B /* BaseButton.swift */; };
		8899278E2923A91300294B6B /* BaseTextField.swift in Sources */ = {isa = PBXBuildFile; fileRef = 8899278D2923A91300294B6B /* BaseTextField.swift */; };
		889927972924988D00294B6B /* TitleColleciontViewCell.swift in Sources */ = {isa = PBXBuildFile; fileRef = 889927962924988D00294B6B /* TitleColleciontViewCell.swift */; };
		8899279A2924CA4B00294B6B /* MultiSlider in Frameworks */ = {isa = PBXBuildFile; productRef = 889927992924CA4B00294B6B /* MultiSlider */; };
		8899279D2924CE5E00294B6B /* IQKeyboardManagerSwift in Frameworks */ = {isa = PBXBuildFile; productRef = 8899279C2924CE5E00294B6B /* IQKeyboardManagerSwift */; };
		8899279F292505EC00294B6B /* UserDefaultsHelper.swift in Sources */ = {isa = PBXBuildFile; fileRef = 8899279E292505EC00294B6B /* UserDefaultsHelper.swift */; };
/* End PBXBuildFile section */

/* Begin PBXFileReference section */
		88055982291CFBEC00F4D4A2 /* APIService.swift */ = {isa = PBXFileReference; lastKnownFileType = sourcecode.swift; path = APIService.swift; sourceTree = "<group>"; };
		88055985291CFC1200F4D4A2 /* EndPoint.swift */ = {isa = PBXFileReference; lastKnownFileType = sourcecode.swift; path = EndPoint.swift; sourceTree = "<group>"; };
		8805598A291CFDFD00F4D4A2 /* User.swift */ = {isa = PBXFileReference; lastKnownFileType = sourcecode.swift; path = User.swift; sourceTree = "<group>"; };
		8805598C291D0D7100F4D4A2 /* GoogleService-Info.plist */ = {isa = PBXFileReference; fileEncoding = 4; lastKnownFileType = text.plist.xml; path = "GoogleService-Info.plist"; sourceTree = "<group>"; };
		8805598F291D11D300F4D4A2 /* HomeViewController.swift */ = {isa = PBXFileReference; lastKnownFileType = sourcecode.swift; path = HomeViewController.swift; sourceTree = "<group>"; };
		88055991291D1D4100F4D4A2 /* Profile.swift */ = {isa = PBXFileReference; lastKnownFileType = sourcecode.swift; path = Profile.swift; sourceTree = "<group>"; };
		88055998291DE90800F4D4A2 /* MainTabBarController.swift */ = {isa = PBXFileReference; lastKnownFileType = sourcecode.swift; path = MainTabBarController.swift; sourceTree = "<group>"; };
		8805599A291DE9FD00F4D4A2 /* HomeView.swift */ = {isa = PBXFileReference; lastKnownFileType = sourcecode.swift; path = HomeView.swift; sourceTree = "<group>"; };
		8805599C291DEA0A00F4D4A2 /* HomeViewModel.swift */ = {isa = PBXFileReference; lastKnownFileType = sourcecode.swift; path = HomeViewModel.swift; sourceTree = "<group>"; };
		8805599F291DEADE00F4D4A2 /* ShopView.swift */ = {isa = PBXFileReference; lastKnownFileType = sourcecode.swift; path = ShopView.swift; sourceTree = "<group>"; };
		880559A1291DEAFA00F4D4A2 /* ShopViewController.swift */ = {isa = PBXFileReference; lastKnownFileType = sourcecode.swift; path = ShopViewController.swift; sourceTree = "<group>"; };
		880559A3291DEB2800F4D4A2 /* ShopViewModel.swift */ = {isa = PBXFileReference; lastKnownFileType = sourcecode.swift; path = ShopViewModel.swift; sourceTree = "<group>"; };
		880559A7291DED7F00F4D4A2 /* FriendView.swift */ = {isa = PBXFileReference; lastKnownFileType = sourcecode.swift; path = FriendView.swift; sourceTree = "<group>"; };
		880559A9291DEE0600F4D4A2 /* FriendViewController.swift */ = {isa = PBXFileReference; lastKnownFileType = sourcecode.swift; path = FriendViewController.swift; sourceTree = "<group>"; };
		880559AB291DEE2F00F4D4A2 /* FriendViewModel.swift */ = {isa = PBXFileReference; lastKnownFileType = sourcecode.swift; path = FriendViewModel.swift; sourceTree = "<group>"; };
		880559AD291DEE4800F4D4A2 /* MyInfoView.swift */ = {isa = PBXFileReference; lastKnownFileType = sourcecode.swift; path = MyInfoView.swift; sourceTree = "<group>"; };
		880559AF291DEE7F00F4D4A2 /* MyInfoViewController.swift */ = {isa = PBXFileReference; lastKnownFileType = sourcecode.swift; path = MyInfoViewController.swift; sourceTree = "<group>"; };
		880559B1291DEE9200F4D4A2 /* MyInfoViewModel.swift */ = {isa = PBXFileReference; lastKnownFileType = sourcecode.swift; path = MyInfoViewModel.swift; sourceTree = "<group>"; };
		880559B3291E485600F4D4A2 /* SplashView.swift */ = {isa = PBXFileReference; lastKnownFileType = sourcecode.swift; path = SplashView.swift; sourceTree = "<group>"; };
		880559B6291E487200F4D4A2 /* SplashViewController.swift */ = {isa = PBXFileReference; lastKnownFileType = sourcecode.swift; path = SplashViewController.swift; sourceTree = "<group>"; };
		880559B8291E488300F4D4A2 /* SplashViewModel.swift */ = {isa = PBXFileReference; lastKnownFileType = sourcecode.swift; path = SplashViewModel.swift; sourceTree = "<group>"; };
		880559C0291F2B9C00F4D4A2 /* MyInfoTableViewCell.swift */ = {isa = PBXFileReference; lastKnownFileType = sourcecode.swift; path = MyInfoTableViewCell.swift; sourceTree = "<group>"; };
		880559C2291F2BB800F4D4A2 /* BaseTableViewCell.swift */ = {isa = PBXFileReference; lastKnownFileType = sourcecode.swift; path = BaseTableViewCell.swift; sourceTree = "<group>"; };
		8826E2B9291AFAA600AF8023 /* NicknameView.swift */ = {isa = PBXFileReference; lastKnownFileType = sourcecode.swift; path = NicknameView.swift; sourceTree = "<group>"; };
		8826E2BB291AFC5100AF8023 /* NicknameViewController.swift */ = {isa = PBXFileReference; lastKnownFileType = sourcecode.swift; path = NicknameViewController.swift; sourceTree = "<group>"; };
		8826E2BD291AFCAD00AF8023 /* NicknameViewModel.swift */ = {isa = PBXFileReference; lastKnownFileType = sourcecode.swift; path = NicknameViewModel.swift; sourceTree = "<group>"; };
		8826E2C2291B718900AF8023 /* FirebaseAuthManager.swift */ = {isa = PBXFileReference; lastKnownFileType = sourcecode.swift; path = FirebaseAuthManager.swift; sourceTree = "<group>"; };
		8826E2C5291B818200AF8023 /* BirthView.swift */ = {isa = PBXFileReference; lastKnownFileType = sourcecode.swift; path = BirthView.swift; sourceTree = "<group>"; };
		8826E2C7291B829900AF8023 /* BirthViewController.swift */ = {isa = PBXFileReference; lastKnownFileType = sourcecode.swift; path = BirthViewController.swift; sourceTree = "<group>"; };
		8826E2C9291B82CF00AF8023 /* BirthViewModel.swift */ = {isa = PBXFileReference; lastKnownFileType = sourcecode.swift; path = BirthViewModel.swift; sourceTree = "<group>"; };
		8826E2CD291BF10600AF8023 /* DateView.swift */ = {isa = PBXFileReference; lastKnownFileType = sourcecode.swift; path = DateView.swift; sourceTree = "<group>"; };
		8826E2CF291BF91200AF8023 /* EmailView.swift */ = {isa = PBXFileReference; lastKnownFileType = sourcecode.swift; path = EmailView.swift; sourceTree = "<group>"; };
		8826E2D1291BF91A00AF8023 /* EmailViewController.swift */ = {isa = PBXFileReference; lastKnownFileType = sourcecode.swift; path = EmailViewController.swift; sourceTree = "<group>"; };
		8826E2D3291C58F800AF8023 /* EmailViewModel.swift */ = {isa = PBXFileReference; lastKnownFileType = sourcecode.swift; path = EmailViewModel.swift; sourceTree = "<group>"; };
		8826E2D5291C5A1100AF8023 /* GenderView.swift */ = {isa = PBXFileReference; lastKnownFileType = sourcecode.swift; path = GenderView.swift; sourceTree = "<group>"; };
		8826E2D7291C5A1700AF8023 /* GenderViewController.swift */ = {isa = PBXFileReference; lastKnownFileType = sourcecode.swift; path = GenderViewController.swift; sourceTree = "<group>"; };
		8826E2D9291C5A1E00AF8023 /* GenderViewModel.swift */ = {isa = PBXFileReference; lastKnownFileType = sourcecode.swift; path = GenderViewModel.swift; sourceTree = "<group>"; };
		88556FCA2918E248003CD336 /* SeSacStudy.app */ = {isa = PBXFileReference; explicitFileType = wrapper.application; includeInIndex = 0; path = SeSacStudy.app; sourceTree = BUILT_PRODUCTS_DIR; };
		88556FCD2918E248003CD336 /* AppDelegate.swift */ = {isa = PBXFileReference; lastKnownFileType = sourcecode.swift; path = AppDelegate.swift; sourceTree = "<group>"; };
		88556FCF2918E248003CD336 /* SceneDelegate.swift */ = {isa = PBXFileReference; lastKnownFileType = sourcecode.swift; path = SceneDelegate.swift; sourceTree = "<group>"; };
		88556FD12918E248003CD336 /* ViewController.swift */ = {isa = PBXFileReference; lastKnownFileType = sourcecode.swift; path = ViewController.swift; sourceTree = "<group>"; };
		88556FD42918E248003CD336 /* Base */ = {isa = PBXFileReference; lastKnownFileType = file.storyboard; name = Base; path = Base.lproj/Main.storyboard; sourceTree = "<group>"; };
		88556FD62918E249003CD336 /* Assets.xcassets */ = {isa = PBXFileReference; lastKnownFileType = folder.assetcatalog; path = Assets.xcassets; sourceTree = "<group>"; };
		88556FD92918E249003CD336 /* Base */ = {isa = PBXFileReference; lastKnownFileType = file.storyboard; name = Base; path = Base.lproj/LaunchScreen.storyboard; sourceTree = "<group>"; };
		88556FDB2918E249003CD336 /* Info.plist */ = {isa = PBXFileReference; lastKnownFileType = text.plist.xml; path = Info.plist; sourceTree = "<group>"; };
		88556FE62918E74B003CD336 /* BaseView.swift */ = {isa = PBXFileReference; lastKnownFileType = sourcecode.swift; path = BaseView.swift; sourceTree = "<group>"; };
		88556FE92918E757003CD336 /* BaseViewController.swift */ = {isa = PBXFileReference; lastKnownFileType = sourcecode.swift; path = BaseViewController.swift; sourceTree = "<group>"; };
		88556FF62918F12A003CD336 /* OnboardingView.swift */ = {isa = PBXFileReference; lastKnownFileType = sourcecode.swift; path = OnboardingView.swift; sourceTree = "<group>"; };
		88556FFA2918F153003CD336 /* OnboardingViewController.swift */ = {isa = PBXFileReference; lastKnownFileType = sourcecode.swift; path = OnboardingViewController.swift; sourceTree = "<group>"; };
		88556FFC2918F28C003CD336 /* Extension+UIColor.swift */ = {isa = PBXFileReference; lastKnownFileType = sourcecode.swift; path = "Extension+UIColor.swift"; sourceTree = "<group>"; };
		88556FFF2918F651003CD336 /* Extension+UIFont.swift */ = {isa = PBXFileReference; lastKnownFileType = sourcecode.swift; path = "Extension+UIFont.swift"; sourceTree = "<group>"; };
		885570062919586A003CD336 /* OnboardingViewModel.swift */ = {isa = PBXFileReference; lastKnownFileType = sourcecode.swift; path = OnboardingViewModel.swift; sourceTree = "<group>"; };
		885570082919591A003CD336 /* OnboardingCollectionViewCell.swift */ = {isa = PBXFileReference; lastKnownFileType = sourcecode.swift; path = OnboardingCollectionViewCell.swift; sourceTree = "<group>"; };
		8855700A29195D04003CD336 /* BaseCollectionViewCell.swift */ = {isa = PBXFileReference; lastKnownFileType = sourcecode.swift; path = BaseCollectionViewCell.swift; sourceTree = "<group>"; };
		8855700C2919600F003CD336 /* OnboardingData.swift */ = {isa = PBXFileReference; lastKnownFileType = sourcecode.swift; path = OnboardingData.swift; sourceTree = "<group>"; };
		889215EE291979A300DE147C /* NotoSansCJKkr-Regular.otf */ = {isa = PBXFileReference; lastKnownFileType = file; path = "NotoSansCJKkr-Regular.otf"; sourceTree = "<group>"; };
		889215EF291979A300DE147C /* NotoSansCJKkr-Medium.otf */ = {isa = PBXFileReference; lastKnownFileType = file; path = "NotoSansCJKkr-Medium.otf"; sourceTree = "<group>"; };
		889215F2291983AF00DE147C /* ReusableViewProtocol.swift */ = {isa = PBXFileReference; lastKnownFileType = sourcecode.swift; path = ReusableViewProtocol.swift; sourceTree = "<group>"; };
		889215F52919884C00DE147C /* LoginView.swift */ = {isa = PBXFileReference; lastKnownFileType = sourcecode.swift; path = LoginView.swift; sourceTree = "<group>"; };
		889215F82919885900DE147C /* LoginViewController.swift */ = {isa = PBXFileReference; lastKnownFileType = sourcecode.swift; path = LoginViewController.swift; sourceTree = "<group>"; };
		889215FA2919887100DE147C /* LoginViewModel.swift */ = {isa = PBXFileReference; lastKnownFileType = sourcecode.swift; path = LoginViewModel.swift; sourceTree = "<group>"; };
		889215FC291A1EDD00DE147C /* Extension+UILabel.swift */ = {isa = PBXFileReference; lastKnownFileType = sourcecode.swift; path = "Extension+UILabel.swift"; sourceTree = "<group>"; };
		88921600291A29EF00DE147C /* LoginCheckView.swift */ = {isa = PBXFileReference; lastKnownFileType = sourcecode.swift; path = LoginCheckView.swift; sourceTree = "<group>"; };
		88921602291A29FC00DE147C /* LoginCheckViewController.swift */ = {isa = PBXFileReference; lastKnownFileType = sourcecode.swift; path = LoginCheckViewController.swift; sourceTree = "<group>"; };
		88921604291A2A0500DE147C /* LoginCheckViewModel.swift */ = {isa = PBXFileReference; lastKnownFileType = sourcecode.swift; path = LoginCheckViewModel.swift; sourceTree = "<group>"; };
		8892160D291ABE1300DE147C /* SeSacStudy.entitlements */ = {isa = PBXFileReference; lastKnownFileType = text.plist.entitlements; path = SeSacStudy.entitlements; sourceTree = "<group>"; };
		8895468429254CA000F88C3F /* SearchView.swift */ = {isa = PBXFileReference; lastKnownFileType = sourcecode.swift; path = SearchView.swift; sourceTree = "<group>"; };
		8895468829254CE200F88C3F /* SearchViewController.swift */ = {isa = PBXFileReference; lastKnownFileType = sourcecode.swift; path = SearchViewController.swift; sourceTree = "<group>"; };
		8895468B2926323000F88C3F /* ButtonWithShadow.swift */ = {isa = PBXFileReference; lastKnownFileType = sourcecode.swift; path = ButtonWithShadow.swift; sourceTree = "<group>"; };
		8895468D292664F600F88C3F /* MatchStatus.swift */ = {isa = PBXFileReference; lastKnownFileType = sourcecode.swift; path = MatchStatus.swift; sourceTree = "<group>"; };
		8895468F29266A7D00F88C3F /* SetSearchView.swift */ = {isa = PBXFileReference; lastKnownFileType = sourcecode.swift; path = SetSearchView.swift; sourceTree = "<group>"; };
		8895469229266AA700F88C3F /* SetSearchViewController.swift */ = {isa = PBXFileReference; lastKnownFileType = sourcecode.swift; path = SetSearchViewController.swift; sourceTree = "<group>"; };
		8895469429266BC400F88C3F /* ChatView.swift */ = {isa = PBXFileReference; lastKnownFileType = sourcecode.swift; path = ChatView.swift; sourceTree = "<group>"; };
		8895469629266BCD00F88C3F /* ChatViewController.swift */ = {isa = PBXFileReference; lastKnownFileType = sourcecode.swift; path = ChatViewController.swift; sourceTree = "<group>"; };
		88992776292237B000294B6B /* SetInfoView.swift */ = {isa = PBXFileReference; lastKnownFileType = sourcecode.swift; path = SetInfoView.swift; sourceTree = "<group>"; };
		88992779292239DB00294B6B /* SetInfoViewController.swift */ = {isa = PBXFileReference; lastKnownFileType = sourcecode.swift; path = SetInfoViewController.swift; sourceTree = "<group>"; };
		8899277B29223B2000294B6B /* SetInfoViewModel.swift */ = {isa = PBXFileReference; lastKnownFileType = sourcecode.swift; path = SetInfoViewModel.swift; sourceTree = "<group>"; };
		8899277D292248D900294B6B /* CardTabeViewCell.swift */ = {isa = PBXFileReference; lastKnownFileType = sourcecode.swift; path = CardTabeViewCell.swift; sourceTree = "<group>"; };
		8899277F29224A3700294B6B /* InfoView.swift */ = {isa = PBXFileReference; lastKnownFileType = sourcecode.swift; path = InfoView.swift; sourceTree = "<group>"; };
		8899278129224C4900294B6B /* SetInfoTableViewCell.swift */ = {isa = PBXFileReference; lastKnownFileType = sourcecode.swift; path = SetInfoTableViewCell.swift; sourceTree = "<group>"; };
		88992786292377FB00294B6B /* PopupView.swift */ = {isa = PBXFileReference; lastKnownFileType = sourcecode.swift; path = PopupView.swift; sourceTree = "<group>"; };
		8899278929237B0C00294B6B /* PopupViewController.swift */ = {isa = PBXFileReference; lastKnownFileType = sourcecode.swift; path = PopupViewController.swift; sourceTree = "<group>"; };
		8899278B2923A83A00294B6B /* BaseButton.swift */ = {isa = PBXFileReference; lastKnownFileType = sourcecode.swift; path = BaseButton.swift; sourceTree = "<group>"; };
		8899278D2923A91300294B6B /* BaseTextField.swift */ = {isa = PBXFileReference; lastKnownFileType = sourcecode.swift; path = BaseTextField.swift; sourceTree = "<group>"; };
		889927962924988D00294B6B /* TitleColleciontViewCell.swift */ = {isa = PBXFileReference; lastKnownFileType = sourcecode.swift; path = TitleColleciontViewCell.swift; sourceTree = "<group>"; };
		8899279E292505EC00294B6B /* UserDefaultsHelper.swift */ = {isa = PBXFileReference; lastKnownFileType = sourcecode.swift; path = UserDefaultsHelper.swift; sourceTree = "<group>"; };
/* End PBXFileReference section */

/* Begin PBXFrameworksBuildPhase section */
		88556FC72918E248003CD336 /* Frameworks */ = {
			isa = PBXFrameworksBuildPhase;
			buildActionMask = 2147483647;
			files = (
				885570052919585A003CD336 /* RxSwift in Frameworks */,
				8899279A2924CA4B00294B6B /* MultiSlider in Frameworks */,
				88055995291D22B400F4D4A2 /* FirebaseAuth in Frameworks */,
				88055997291D22B400F4D4A2 /* FirebaseMessaging in Frameworks */,
				885570032919585A003CD336 /* RxCocoa in Frameworks */,
				8899279D2924CE5E00294B6B /* IQKeyboardManagerSwift in Frameworks */,
				88556FF52918EF31003CD336 /* SnapKit in Frameworks */,
				88055989291CFC5300F4D4A2 /* Alamofire in Frameworks */,
				88921612291AD5C200DE147C /* Toast in Frameworks */,
			);
			runOnlyForDeploymentPostprocessing = 0;
		};
/* End PBXFrameworksBuildPhase section */

/* Begin PBXGroup section */
		88055984291CFBF000F4D4A2 /* Network */ = {
			isa = PBXGroup;
			children = (
				88055982291CFBEC00F4D4A2 /* APIService.swift */,
				88055985291CFC1200F4D4A2 /* EndPoint.swift */,
			);
			path = Network;
			sourceTree = "<group>";
		};
		8805598E291D11C700F4D4A2 /* Home */ = {
			isa = PBXGroup;
			children = (
				8895468329254C5100F88C3F /* Map */,
				8895469129266A8400F88C3F /* SetSearch */,
				8895468629254CA400F88C3F /* Search */,
				8895468729254CB600F88C3F /* Chat */,
			);
			path = Home;
			sourceTree = "<group>";
		};
		8805599E291DEACF00F4D4A2 /* Shop */ = {
			isa = PBXGroup;
			children = (
				8805599F291DEADE00F4D4A2 /* ShopView.swift */,
				880559A1291DEAFA00F4D4A2 /* ShopViewController.swift */,
				880559A3291DEB2800F4D4A2 /* ShopViewModel.swift */,
			);
			path = Shop;
			sourceTree = "<group>";
		};
		880559A5291DED3A00F4D4A2 /* Friend */ = {
			isa = PBXGroup;
			children = (
				880559A7291DED7F00F4D4A2 /* FriendView.swift */,
				880559A9291DEE0600F4D4A2 /* FriendViewController.swift */,
				880559AB291DEE2F00F4D4A2 /* FriendViewModel.swift */,
			);
			path = Friend;
			sourceTree = "<group>";
		};
		880559A6291DED5D00F4D4A2 /* MyInfo */ = {
			isa = PBXGroup;
			children = (
				88992775292237A000294B6B /* MyInfo */,
				88992778292237B400294B6B /* SetInfo */,
			);
			path = MyInfo;
			sourceTree = "<group>";
		};
		880559B5291E485A00F4D4A2 /* Splash */ = {
			isa = PBXGroup;
			children = (
				880559B3291E485600F4D4A2 /* SplashView.swift */,
				880559B6291E487200F4D4A2 /* SplashViewController.swift */,
				880559B8291E488300F4D4A2 /* SplashViewModel.swift */,
			);
			path = Splash;
			sourceTree = "<group>";
		};
		8826E2B3291AF9D800AF8023 /* Signup */ = {
			isa = PBXGroup;
			children = (
				8826E2B5291AFA4000AF8023 /* Nickname */,
				8826E2B6291AFA5600AF8023 /* Birth */,
				8826E2B7291AFA6100AF8023 /* Email */,
				8826E2B8291AFA7F00AF8023 /* Gender */,
			);
			path = Signup;
			sourceTree = "<group>";
		};
		8826E2B4291AF9F500AF8023 /* Main */ = {
			isa = PBXGroup;
			children = (
				88055998291DE90800F4D4A2 /* MainTabBarController.swift */,
				8805598E291D11C700F4D4A2 /* Home */,
				8805599E291DEACF00F4D4A2 /* Shop */,
				880559A5291DED3A00F4D4A2 /* Friend */,
				880559A6291DED5D00F4D4A2 /* MyInfo */,
			);
			path = Main;
			sourceTree = "<group>";
		};
		8826E2B5291AFA4000AF8023 /* Nickname */ = {
			isa = PBXGroup;
			children = (
				8826E2B9291AFAA600AF8023 /* NicknameView.swift */,
				8826E2BB291AFC5100AF8023 /* NicknameViewController.swift */,
				8826E2BD291AFCAD00AF8023 /* NicknameViewModel.swift */,
			);
			path = Nickname;
			sourceTree = "<group>";
		};
		8826E2B6291AFA5600AF8023 /* Birth */ = {
			isa = PBXGroup;
			children = (
				8826E2C5291B818200AF8023 /* BirthView.swift */,
				8826E2C7291B829900AF8023 /* BirthViewController.swift */,
				8826E2C9291B82CF00AF8023 /* BirthViewModel.swift */,
				8826E2CD291BF10600AF8023 /* DateView.swift */,
			);
			path = Birth;
			sourceTree = "<group>";
		};
		8826E2B7291AFA6100AF8023 /* Email */ = {
			isa = PBXGroup;
			children = (
				8826E2CF291BF91200AF8023 /* EmailView.swift */,
				8826E2D1291BF91A00AF8023 /* EmailViewController.swift */,
				8826E2D3291C58F800AF8023 /* EmailViewModel.swift */,
			);
			path = Email;
			sourceTree = "<group>";
		};
		8826E2B8291AFA7F00AF8023 /* Gender */ = {
			isa = PBXGroup;
			children = (
				8826E2D5291C5A1100AF8023 /* GenderView.swift */,
				8826E2D7291C5A1700AF8023 /* GenderViewController.swift */,
				8826E2D9291C5A1E00AF8023 /* GenderViewModel.swift */,
			);
			path = Gender;
			sourceTree = "<group>";
		};
		8826E2C4291B718E00AF8023 /* Firebase */ = {
			isa = PBXGroup;
			children = (
				8826E2C2291B718900AF8023 /* FirebaseAuthManager.swift */,
			);
			path = Firebase;
			sourceTree = "<group>";
		};
		88556FC12918E248003CD336 = {
			isa = PBXGroup;
			children = (
				88556FCC2918E248003CD336 /* SeSacStudy */,
				88556FCB2918E248003CD336 /* Products */,
			);
			sourceTree = "<group>";
		};
		88556FCB2918E248003CD336 /* Products */ = {
			isa = PBXGroup;
			children = (
				88556FCA2918E248003CD336 /* SeSacStudy.app */,
			);
			name = Products;
			sourceTree = "<group>";
		};
		88556FCC2918E248003CD336 /* SeSacStudy */ = {
			isa = PBXGroup;
			children = (
				8892160D291ABE1300DE147C /* SeSacStudy.entitlements */,
				88556FCD2918E248003CD336 /* AppDelegate.swift */,
				88556FCF2918E248003CD336 /* SceneDelegate.swift */,
				88556FD12918E248003CD336 /* ViewController.swift */,
				88556FD32918E248003CD336 /* Main.storyboard */,
				88556FD82918E249003CD336 /* LaunchScreen.storyboard */,
				8899279E292505EC00294B6B /* UserDefaultsHelper.swift */,
				88055984291CFBF000F4D4A2 /* Network */,
				8826E2C4291B718E00AF8023 /* Firebase */,
				8855700E29196011003CD336 /* Model */,
				88556FF92918F140003CD336 /* Scene */,
				88556FF22918EE62003CD336 /* Utility */,
				88556FD62918E249003CD336 /* Assets.xcassets */,
				889215ED2919783500DE147C /* Source */,
				88556FDB2918E249003CD336 /* Info.plist */,
				8805598C291D0D7100F4D4A2 /* GoogleService-Info.plist */,
			);
			path = SeSacStudy;
			sourceTree = "<group>";
		};
		88556FE82918E74E003CD336 /* Base */ = {
			isa = PBXGroup;
			children = (
				8899278B2923A83A00294B6B /* BaseButton.swift */,
				88556FE62918E74B003CD336 /* BaseView.swift */,
				88556FE92918E757003CD336 /* BaseViewController.swift */,
				8895468B2926323000F88C3F /* ButtonWithShadow.swift */,
				8855700A29195D04003CD336 /* BaseCollectionViewCell.swift */,
				880559C2291F2BB800F4D4A2 /* BaseTableViewCell.swift */,
				8899278D2923A91300294B6B /* BaseTextField.swift */,
			);
			path = Base;
			sourceTree = "<group>";
		};
		88556FF22918EE62003CD336 /* Utility */ = {
			isa = PBXGroup;
			children = (
				88556FE82918E74E003CD336 /* Base */,
				88556FFE2918F28F003CD336 /* Extension */,
				889215F4291983C700DE147C /* Protocol */,
			);
			path = Utility;
			sourceTree = "<group>";
		};
		88556FF82918F12D003CD336 /* Onboarding */ = {
			isa = PBXGroup;
			children = (
				88556FF62918F12A003CD336 /* OnboardingView.swift */,
				88556FFA2918F153003CD336 /* OnboardingViewController.swift */,
				885570062919586A003CD336 /* OnboardingViewModel.swift */,
				885570082919591A003CD336 /* OnboardingCollectionViewCell.swift */,
			);
			path = Onboarding;
			sourceTree = "<group>";
		};
		88556FF92918F140003CD336 /* Scene */ = {
			isa = PBXGroup;
			children = (
				880559B5291E485A00F4D4A2 /* Splash */,
				88556FF82918F12D003CD336 /* Onboarding */,
				889215F72919884F00DE147C /* Login */,
				8826E2B3291AF9D800AF8023 /* Signup */,
				8826E2B4291AF9F500AF8023 /* Main */,
				88992788292377FF00294B6B /* Popup */,
			);
			path = Scene;
			sourceTree = "<group>";
		};
		88556FFE2918F28F003CD336 /* Extension */ = {
			isa = PBXGroup;
			children = (
				88556FFC2918F28C003CD336 /* Extension+UIColor.swift */,
				88556FFF2918F651003CD336 /* Extension+UIFont.swift */,
				889215FC291A1EDD00DE147C /* Extension+UILabel.swift */,
			);
			path = Extension;
			sourceTree = "<group>";
		};
		8855700E29196011003CD336 /* Model */ = {
			isa = PBXGroup;
			children = (
				8855700C2919600F003CD336 /* OnboardingData.swift */,
				8805598A291CFDFD00F4D4A2 /* User.swift */,
				88055991291D1D4100F4D4A2 /* Profile.swift */,
				8895468D292664F600F88C3F /* MatchStatus.swift */,
			);
			path = Model;
			sourceTree = "<group>";
		};
		889215ED2919783500DE147C /* Source */ = {
			isa = PBXGroup;
			children = (
				889215EF291979A300DE147C /* NotoSansCJKkr-Medium.otf */,
				889215EE291979A300DE147C /* NotoSansCJKkr-Regular.otf */,
			);
			path = Source;
			sourceTree = "<group>";
		};
		889215F4291983C700DE147C /* Protocol */ = {
			isa = PBXGroup;
			children = (
				889215F2291983AF00DE147C /* ReusableViewProtocol.swift */,
			);
			path = Protocol;
			sourceTree = "<group>";
		};
		889215F72919884F00DE147C /* Login */ = {
			isa = PBXGroup;
			children = (
				889215FE291A29CA00DE147C /* 0_1_Login */,
				889215FF291A29DC00DE147C /* 0_2_Login */,
			);
			path = Login;
			sourceTree = "<group>";
		};
		889215FE291A29CA00DE147C /* 0_1_Login */ = {
			isa = PBXGroup;
			children = (
				889215F52919884C00DE147C /* LoginView.swift */,
				889215F82919885900DE147C /* LoginViewController.swift */,
				889215FA2919887100DE147C /* LoginViewModel.swift */,
			);
			path = 0_1_Login;
			sourceTree = "<group>";
		};
		889215FF291A29DC00DE147C /* 0_2_Login */ = {
			isa = PBXGroup;
			children = (
				88921600291A29EF00DE147C /* LoginCheckView.swift */,
				88921602291A29FC00DE147C /* LoginCheckViewController.swift */,
				88921604291A2A0500DE147C /* LoginCheckViewModel.swift */,
			);
			path = 0_2_Login;
			sourceTree = "<group>";
		};
		8895468329254C5100F88C3F /* Map */ = {
			isa = PBXGroup;
			children = (
				8805599A291DE9FD00F4D4A2 /* HomeView.swift */,
				8805598F291D11D300F4D4A2 /* HomeViewController.swift */,
				8805599C291DEA0A00F4D4A2 /* HomeViewModel.swift */,
			);
			path = Map;
			sourceTree = "<group>";
		};
		8895468629254CA400F88C3F /* Search */ = {
			isa = PBXGroup;
			children = (
				8895468429254CA000F88C3F /* SearchView.swift */,
				8895468829254CE200F88C3F /* SearchViewController.swift */,
			);
			path = Search;
			sourceTree = "<group>";
		};
		8895468729254CB600F88C3F /* Chat */ = {
			isa = PBXGroup;
			children = (
				8895469429266BC400F88C3F /* ChatView.swift */,
				8895469629266BCD00F88C3F /* ChatViewController.swift */,
			);
			path = Chat;
			sourceTree = "<group>";
		};
		8895469129266A8400F88C3F /* SetSearch */ = {
			isa = PBXGroup;
			children = (
				8895468F29266A7D00F88C3F /* SetSearchView.swift */,
				8895469229266AA700F88C3F /* SetSearchViewController.swift */,
			);
			path = SetSearch;
			sourceTree = "<group>";
		};
		88992775292237A000294B6B /* MyInfo */ = {
			isa = PBXGroup;
			children = (
				880559AD291DEE4800F4D4A2 /* MyInfoView.swift */,
				880559AF291DEE7F00F4D4A2 /* MyInfoViewController.swift */,
				880559B1291DEE9200F4D4A2 /* MyInfoViewModel.swift */,
				880559C0291F2B9C00F4D4A2 /* MyInfoTableViewCell.swift */,
			);
			path = MyInfo;
			sourceTree = "<group>";
		};
		88992778292237B400294B6B /* SetInfo */ = {
			isa = PBXGroup;
			children = (
				88992776292237B000294B6B /* SetInfoView.swift */,
				88992779292239DB00294B6B /* SetInfoViewController.swift */,
				8899277B29223B2000294B6B /* SetInfoViewModel.swift */,
				8899277D292248D900294B6B /* CardTabeViewCell.swift */,
				8899277F29224A3700294B6B /* InfoView.swift */,
				8899278129224C4900294B6B /* SetInfoTableViewCell.swift */,
				889927962924988D00294B6B /* TitleColleciontViewCell.swift */,
			);
			path = SetInfo;
			sourceTree = "<group>";
		};
		88992788292377FF00294B6B /* Popup */ = {
			isa = PBXGroup;
			children = (
				88992786292377FB00294B6B /* PopupView.swift */,
				8899278929237B0C00294B6B /* PopupViewController.swift */,
			);
			path = Popup;
			sourceTree = "<group>";
		};
/* End PBXGroup section */

/* Begin PBXNativeTarget section */
		88556FC92918E248003CD336 /* SeSacStudy */ = {
			isa = PBXNativeTarget;
			buildConfigurationList = 88556FDE2918E249003CD336 /* Build configuration list for PBXNativeTarget "SeSacStudy" */;
			buildPhases = (
				88556FC62918E248003CD336 /* Sources */,
				88556FC72918E248003CD336 /* Frameworks */,
				88556FC82918E248003CD336 /* Resources */,
			);
			buildRules = (
			);
			dependencies = (
			);
			name = SeSacStudy;
			packageProductDependencies = (
				88556FF42918EF31003CD336 /* SnapKit */,
				885570022919585A003CD336 /* RxCocoa */,
				885570042919585A003CD336 /* RxSwift */,
				88921611291AD5C200DE147C /* Toast */,
				88055988291CFC5300F4D4A2 /* Alamofire */,
				88055994291D22B400F4D4A2 /* FirebaseAuth */,
				88055996291D22B400F4D4A2 /* FirebaseMessaging */,
				889927992924CA4B00294B6B /* MultiSlider */,
				8899279C2924CE5E00294B6B /* IQKeyboardManagerSwift */,
			);
			productName = SeSacStudy;
			productReference = 88556FCA2918E248003CD336 /* SeSacStudy.app */;
			productType = "com.apple.product-type.application";
		};
/* End PBXNativeTarget section */

/* Begin PBXProject section */
		88556FC22918E248003CD336 /* Project object */ = {
			isa = PBXProject;
			attributes = {
				BuildIndependentTargetsInParallel = 1;
				LastSwiftUpdateCheck = 1410;
				LastUpgradeCheck = 1410;
				TargetAttributes = {
					88556FC92918E248003CD336 = {
						CreatedOnToolsVersion = 14.1;
					};
				};
			};
			buildConfigurationList = 88556FC52918E248003CD336 /* Build configuration list for PBXProject "SeSacStudy" */;
			compatibilityVersion = "Xcode 14.0";
			developmentRegion = en;
			hasScannedForEncodings = 0;
			knownRegions = (
				en,
				Base,
			);
			mainGroup = 88556FC12918E248003CD336;
			packageReferences = (
				88556FF32918EF31003CD336 /* XCRemoteSwiftPackageReference "SnapKit" */,
				885570012919585A003CD336 /* XCRemoteSwiftPackageReference "RxSwift" */,
				88921610291AD5C200DE147C /* XCRemoteSwiftPackageReference "Toast-Swift" */,
				88055987291CFC5300F4D4A2 /* XCRemoteSwiftPackageReference "Alamofire" */,
				88055993291D22B400F4D4A2 /* XCRemoteSwiftPackageReference "firebase-ios-sdk" */,
				889927982924CA4B00294B6B /* XCRemoteSwiftPackageReference "MultiSlider" */,
				8899279B2924CE5E00294B6B /* XCRemoteSwiftPackageReference "IQKeyboardManager" */,
			);
			productRefGroup = 88556FCB2918E248003CD336 /* Products */;
			projectDirPath = "";
			projectRoot = "";
			targets = (
				88556FC92918E248003CD336 /* SeSacStudy */,
			);
		};
/* End PBXProject section */

/* Begin PBXResourcesBuildPhase section */
		88556FC82918E248003CD336 /* Resources */ = {
			isa = PBXResourcesBuildPhase;
			buildActionMask = 2147483647;
			files = (
				88556FDA2918E249003CD336 /* LaunchScreen.storyboard in Resources */,
				889215F0291979A300DE147C /* NotoSansCJKkr-Regular.otf in Resources */,
				88556FD72918E249003CD336 /* Assets.xcassets in Resources */,
				88556FD52918E248003CD336 /* Main.storyboard in Resources */,
				889215F1291979A300DE147C /* NotoSansCJKkr-Medium.otf in Resources */,
				8805598D291D0D7100F4D4A2 /* GoogleService-Info.plist in Resources */,
			);
			runOnlyForDeploymentPostprocessing = 0;
		};
/* End PBXResourcesBuildPhase section */

/* Begin PBXSourcesBuildPhase section */
		88556FC62918E248003CD336 /* Sources */ = {
			isa = PBXSourcesBuildPhase;
			buildActionMask = 2147483647;
			files = (
				8895469529266BC400F88C3F /* ChatView.swift in Sources */,
				8899278E2923A91300294B6B /* BaseTextField.swift in Sources */,
				880559A8291DED7F00F4D4A2 /* FriendView.swift in Sources */,
				880559C1291F2B9C00F4D4A2 /* MyInfoTableViewCell.swift in Sources */,
				88556FF72918F12A003CD336 /* OnboardingView.swift in Sources */,
				88055992291D1D4100F4D4A2 /* Profile.swift in Sources */,
				8899278029224A3700294B6B /* InfoView.swift in Sources */,
				880559B7291E487200F4D4A2 /* SplashViewController.swift in Sources */,
				880559A2291DEAFA00F4D4A2 /* ShopViewController.swift in Sources */,
				885570092919591A003CD336 /* OnboardingCollectionViewCell.swift in Sources */,
				8895468E292664F600F88C3F /* MatchStatus.swift in Sources */,
				8805599D291DEA0A00F4D4A2 /* HomeViewModel.swift in Sources */,
				88556FD22918E248003CD336 /* ViewController.swift in Sources */,
				8826E2D4291C58F800AF8023 /* EmailViewModel.swift in Sources */,
				88921605291A2A0500DE147C /* LoginCheckViewModel.swift in Sources */,
				880559AC291DEE2F00F4D4A2 /* FriendViewModel.swift in Sources */,
				8826E2D8291C5A1700AF8023 /* GenderViewController.swift in Sources */,
				8899277C29223B2000294B6B /* SetInfoViewModel.swift in Sources */,
				8826E2C6291B818200AF8023 /* BirthView.swift in Sources */,
				8899278C2923A83A00294B6B /* BaseButton.swift in Sources */,
				889215F62919884C00DE147C /* LoginView.swift in Sources */,
				880559AA291DEE0600F4D4A2 /* FriendViewController.swift in Sources */,
				8895469329266AA700F88C3F /* SetSearchViewController.swift in Sources */,
				880559B9291E488300F4D4A2 /* SplashViewModel.swift in Sources */,
				8895469729266BCD00F88C3F /* ChatViewController.swift in Sources */,
				8826E2BC291AFC5100AF8023 /* NicknameViewController.swift in Sources */,
				8895468C2926323000F88C3F /* ButtonWithShadow.swift in Sources */,
				88556FE72918E74B003CD336 /* BaseView.swift in Sources */,
				8899278229224C4900294B6B /* SetInfoTableViewCell.swift in Sources */,
				8899277A292239DB00294B6B /* SetInfoViewController.swift in Sources */,
				8855700D2919600F003CD336 /* OnboardingData.swift in Sources */,
				88055990291D11D300F4D4A2 /* HomeViewController.swift in Sources */,
				8895468529254CA000F88C3F /* SearchView.swift in Sources */,
				8895469029266A7D00F88C3F /* SetSearchView.swift in Sources */,
				8899278A29237B0C00294B6B /* PopupViewController.swift in Sources */,
				88992787292377FB00294B6B /* PopupView.swift in Sources */,
				8826E2CE291BF10600AF8023 /* DateView.swift in Sources */,
				880559C3291F2BB800F4D4A2 /* BaseTableViewCell.swift in Sources */,
				889215FD291A1EDD00DE147C /* Extension+UILabel.swift in Sources */,
				8805599B291DE9FD00F4D4A2 /* HomeView.swift in Sources */,
				880559B4291E485600F4D4A2 /* SplashView.swift in Sources */,
				8826E2BA291AFAA600AF8023 /* NicknameView.swift in Sources */,
				880559AE291DEE4800F4D4A2 /* MyInfoView.swift in Sources */,
				88556FCE2918E248003CD336 /* AppDelegate.swift in Sources */,
				8826E2CA291B82CF00AF8023 /* BirthViewModel.swift in Sources */,
				8855700B29195D04003CD336 /* BaseCollectionViewCell.swift in Sources */,
				880559B2291DEE9200F4D4A2 /* MyInfoViewModel.swift in Sources */,
				885570002918F651003CD336 /* Extension+UIFont.swift in Sources */,
				8805598B291CFDFD00F4D4A2 /* User.swift in Sources */,
				88556FFB2918F153003CD336 /* OnboardingViewController.swift in Sources */,
				889215FB2919887100DE147C /* LoginViewModel.swift in Sources */,
				88556FD02918E248003CD336 /* SceneDelegate.swift in Sources */,
				88556FEA2918E757003CD336 /* BaseViewController.swift in Sources */,
				889215F92919885900DE147C /* LoginViewController.swift in Sources */,
				889215F3291983AF00DE147C /* ReusableViewProtocol.swift in Sources */,
				8899279F292505EC00294B6B /* UserDefaultsHelper.swift in Sources */,
				88055986291CFC1200F4D4A2 /* EndPoint.swift in Sources */,
				8826E2C8291B829900AF8023 /* BirthViewController.swift in Sources */,
				88556FFD2918F28C003CD336 /* Extension+UIColor.swift in Sources */,
				880559B0291DEE7F00F4D4A2 /* MyInfoViewController.swift in Sources */,
				88992777292237B000294B6B /* SetInfoView.swift in Sources */,
				889927972924988D00294B6B /* TitleColleciontViewCell.swift in Sources */,
				8826E2BE291AFCAD00AF8023 /* NicknameViewModel.swift in Sources */,
				880559A4291DEB2800F4D4A2 /* ShopViewModel.swift in Sources */,
				88055999291DE90800F4D4A2 /* MainTabBarController.swift in Sources */,
				8826E2D2291BF91A00AF8023 /* EmailViewController.swift in Sources */,
				8899277E292248D900294B6B /* CardTabeViewCell.swift in Sources */,
				8895468929254CE200F88C3F /* SearchViewController.swift in Sources */,
				8826E2DA291C5A1E00AF8023 /* GenderViewModel.swift in Sources */,
				8826E2D6291C5A1100AF8023 /* GenderView.swift in Sources */,
				885570072919586A003CD336 /* OnboardingViewModel.swift in Sources */,
				88921601291A29EF00DE147C /* LoginCheckView.swift in Sources */,
				88921603291A29FC00DE147C /* LoginCheckViewController.swift in Sources */,
				8826E2C3291B718900AF8023 /* FirebaseAuthManager.swift in Sources */,
				88055983291CFBEC00F4D4A2 /* APIService.swift in Sources */,
				880559A0291DEADE00F4D4A2 /* ShopView.swift in Sources */,
				8826E2D0291BF91200AF8023 /* EmailView.swift in Sources */,
			);
			runOnlyForDeploymentPostprocessing = 0;
		};
/* End PBXSourcesBuildPhase section */

/* Begin PBXVariantGroup section */
		88556FD32918E248003CD336 /* Main.storyboard */ = {
			isa = PBXVariantGroup;
			children = (
				88556FD42918E248003CD336 /* Base */,
			);
			name = Main.storyboard;
			sourceTree = "<group>";
		};
		88556FD82918E249003CD336 /* LaunchScreen.storyboard */ = {
			isa = PBXVariantGroup;
			children = (
				88556FD92918E249003CD336 /* Base */,
			);
			name = LaunchScreen.storyboard;
			sourceTree = "<group>";
		};
/* End PBXVariantGroup section */

/* Begin XCBuildConfiguration section */
		88556FDC2918E249003CD336 /* Debug */ = {
			isa = XCBuildConfiguration;
			buildSettings = {
				ALWAYS_SEARCH_USER_PATHS = NO;
				CLANG_ANALYZER_NONNULL = YES;
				CLANG_ANALYZER_NUMBER_OBJECT_CONVERSION = YES_AGGRESSIVE;
				CLANG_CXX_LANGUAGE_STANDARD = "gnu++20";
				CLANG_ENABLE_MODULES = YES;
				CLANG_ENABLE_OBJC_ARC = YES;
				CLANG_ENABLE_OBJC_WEAK = YES;
				CLANG_WARN_BLOCK_CAPTURE_AUTORELEASING = YES;
				CLANG_WARN_BOOL_CONVERSION = YES;
				CLANG_WARN_COMMA = YES;
				CLANG_WARN_CONSTANT_CONVERSION = YES;
				CLANG_WARN_DEPRECATED_OBJC_IMPLEMENTATIONS = YES;
				CLANG_WARN_DIRECT_OBJC_ISA_USAGE = YES_ERROR;
				CLANG_WARN_DOCUMENTATION_COMMENTS = YES;
				CLANG_WARN_EMPTY_BODY = YES;
				CLANG_WARN_ENUM_CONVERSION = YES;
				CLANG_WARN_INFINITE_RECURSION = YES;
				CLANG_WARN_INT_CONVERSION = YES;
				CLANG_WARN_NON_LITERAL_NULL_CONVERSION = YES;
				CLANG_WARN_OBJC_IMPLICIT_RETAIN_SELF = YES;
				CLANG_WARN_OBJC_LITERAL_CONVERSION = YES;
				CLANG_WARN_OBJC_ROOT_CLASS = YES_ERROR;
				CLANG_WARN_QUOTED_INCLUDE_IN_FRAMEWORK_HEADER = YES;
				CLANG_WARN_RANGE_LOOP_ANALYSIS = YES;
				CLANG_WARN_STRICT_PROTOTYPES = YES;
				CLANG_WARN_SUSPICIOUS_MOVE = YES;
				CLANG_WARN_UNGUARDED_AVAILABILITY = YES_AGGRESSIVE;
				CLANG_WARN_UNREACHABLE_CODE = YES;
				CLANG_WARN__DUPLICATE_METHOD_MATCH = YES;
				COPY_PHASE_STRIP = NO;
				DEBUG_INFORMATION_FORMAT = dwarf;
				ENABLE_STRICT_OBJC_MSGSEND = YES;
				ENABLE_TESTABILITY = YES;
				GCC_C_LANGUAGE_STANDARD = gnu11;
				GCC_DYNAMIC_NO_PIC = NO;
				GCC_NO_COMMON_BLOCKS = YES;
				GCC_OPTIMIZATION_LEVEL = 0;
				GCC_PREPROCESSOR_DEFINITIONS = (
					"DEBUG=1",
					"$(inherited)",
				);
				GCC_WARN_64_TO_32_BIT_CONVERSION = YES;
				GCC_WARN_ABOUT_RETURN_TYPE = YES_ERROR;
				GCC_WARN_UNDECLARED_SELECTOR = YES;
				GCC_WARN_UNINITIALIZED_AUTOS = YES_AGGRESSIVE;
				GCC_WARN_UNUSED_FUNCTION = YES;
				GCC_WARN_UNUSED_VARIABLE = YES;
				IPHONEOS_DEPLOYMENT_TARGET = 16.1;
				MTL_ENABLE_DEBUG_INFO = INCLUDE_SOURCE;
				MTL_FAST_MATH = YES;
				ONLY_ACTIVE_ARCH = YES;
				SDKROOT = iphoneos;
				SWIFT_ACTIVE_COMPILATION_CONDITIONS = DEBUG;
				SWIFT_OPTIMIZATION_LEVEL = "-Onone";
			};
			name = Debug;
		};
		88556FDD2918E249003CD336 /* Release */ = {
			isa = XCBuildConfiguration;
			buildSettings = {
				ALWAYS_SEARCH_USER_PATHS = NO;
				CLANG_ANALYZER_NONNULL = YES;
				CLANG_ANALYZER_NUMBER_OBJECT_CONVERSION = YES_AGGRESSIVE;
				CLANG_CXX_LANGUAGE_STANDARD = "gnu++20";
				CLANG_ENABLE_MODULES = YES;
				CLANG_ENABLE_OBJC_ARC = YES;
				CLANG_ENABLE_OBJC_WEAK = YES;
				CLANG_WARN_BLOCK_CAPTURE_AUTORELEASING = YES;
				CLANG_WARN_BOOL_CONVERSION = YES;
				CLANG_WARN_COMMA = YES;
				CLANG_WARN_CONSTANT_CONVERSION = YES;
				CLANG_WARN_DEPRECATED_OBJC_IMPLEMENTATIONS = YES;
				CLANG_WARN_DIRECT_OBJC_ISA_USAGE = YES_ERROR;
				CLANG_WARN_DOCUMENTATION_COMMENTS = YES;
				CLANG_WARN_EMPTY_BODY = YES;
				CLANG_WARN_ENUM_CONVERSION = YES;
				CLANG_WARN_INFINITE_RECURSION = YES;
				CLANG_WARN_INT_CONVERSION = YES;
				CLANG_WARN_NON_LITERAL_NULL_CONVERSION = YES;
				CLANG_WARN_OBJC_IMPLICIT_RETAIN_SELF = YES;
				CLANG_WARN_OBJC_LITERAL_CONVERSION = YES;
				CLANG_WARN_OBJC_ROOT_CLASS = YES_ERROR;
				CLANG_WARN_QUOTED_INCLUDE_IN_FRAMEWORK_HEADER = YES;
				CLANG_WARN_RANGE_LOOP_ANALYSIS = YES;
				CLANG_WARN_STRICT_PROTOTYPES = YES;
				CLANG_WARN_SUSPICIOUS_MOVE = YES;
				CLANG_WARN_UNGUARDED_AVAILABILITY = YES_AGGRESSIVE;
				CLANG_WARN_UNREACHABLE_CODE = YES;
				CLANG_WARN__DUPLICATE_METHOD_MATCH = YES;
				COPY_PHASE_STRIP = NO;
				DEBUG_INFORMATION_FORMAT = "dwarf-with-dsym";
				ENABLE_NS_ASSERTIONS = NO;
				ENABLE_STRICT_OBJC_MSGSEND = YES;
				GCC_C_LANGUAGE_STANDARD = gnu11;
				GCC_NO_COMMON_BLOCKS = YES;
				GCC_WARN_64_TO_32_BIT_CONVERSION = YES;
				GCC_WARN_ABOUT_RETURN_TYPE = YES_ERROR;
				GCC_WARN_UNDECLARED_SELECTOR = YES;
				GCC_WARN_UNINITIALIZED_AUTOS = YES_AGGRESSIVE;
				GCC_WARN_UNUSED_FUNCTION = YES;
				GCC_WARN_UNUSED_VARIABLE = YES;
				IPHONEOS_DEPLOYMENT_TARGET = 16.1;
				MTL_ENABLE_DEBUG_INFO = NO;
				MTL_FAST_MATH = YES;
				SDKROOT = iphoneos;
				SWIFT_COMPILATION_MODE = wholemodule;
				SWIFT_OPTIMIZATION_LEVEL = "-O";
				VALIDATE_PRODUCT = YES;
			};
			name = Release;
		};
		88556FDF2918E249003CD336 /* Debug */ = {
			isa = XCBuildConfiguration;
			buildSettings = {
				ASSETCATALOG_COMPILER_APPICON_NAME = AppIcon;
				ASSETCATALOG_COMPILER_GLOBAL_ACCENT_COLOR_NAME = AccentColor;
				CODE_SIGN_ENTITLEMENTS = SeSacStudy/SeSacStudy.entitlements;
				CODE_SIGN_STYLE = Automatic;
				CURRENT_PROJECT_VERSION = 1;
				DEVELOPMENT_TEAM = CH36BYYATY;
				GENERATE_INFOPLIST_FILE = YES;
				INFOPLIST_FILE = SeSacStudy/Info.plist;
				INFOPLIST_KEY_UIApplicationSupportsIndirectInputEvents = YES;
				INFOPLIST_KEY_UILaunchStoryboardName = LaunchScreen;
				INFOPLIST_KEY_UIMainStoryboardFile = Main;
				INFOPLIST_KEY_UISupportedInterfaceOrientations_iPad = "UIInterfaceOrientationPortrait UIInterfaceOrientationPortraitUpsideDown UIInterfaceOrientationLandscapeLeft UIInterfaceOrientationLandscapeRight";
				INFOPLIST_KEY_UISupportedInterfaceOrientations_iPhone = "UIInterfaceOrientationPortrait UIInterfaceOrientationLandscapeLeft UIInterfaceOrientationLandscapeRight";
				IPHONEOS_DEPLOYMENT_TARGET = 15.0;
				LD_RUNPATH_SEARCH_PATHS = (
					"$(inherited)",
					"@executable_path/Frameworks",
				);
				MARKETING_VERSION = 1.0;
				PRODUCT_BUNDLE_IDENTIFIER = com.ryuyeon.SeSacStudy;
				PRODUCT_NAME = "$(TARGET_NAME)";
				SWIFT_EMIT_LOC_STRINGS = YES;
				SWIFT_VERSION = 5.0;
				TARGETED_DEVICE_FAMILY = "1,2";
			};
			name = Debug;
		};
		88556FE02918E249003CD336 /* Release */ = {
			isa = XCBuildConfiguration;
			buildSettings = {
				ASSETCATALOG_COMPILER_APPICON_NAME = AppIcon;
				ASSETCATALOG_COMPILER_GLOBAL_ACCENT_COLOR_NAME = AccentColor;
				CODE_SIGN_ENTITLEMENTS = SeSacStudy/SeSacStudy.entitlements;
				CODE_SIGN_STYLE = Automatic;
				CURRENT_PROJECT_VERSION = 1;
				DEVELOPMENT_TEAM = CH36BYYATY;
				GENERATE_INFOPLIST_FILE = YES;
				INFOPLIST_FILE = SeSacStudy/Info.plist;
				INFOPLIST_KEY_UIApplicationSupportsIndirectInputEvents = YES;
				INFOPLIST_KEY_UILaunchStoryboardName = LaunchScreen;
				INFOPLIST_KEY_UIMainStoryboardFile = Main;
				INFOPLIST_KEY_UISupportedInterfaceOrientations_iPad = "UIInterfaceOrientationPortrait UIInterfaceOrientationPortraitUpsideDown UIInterfaceOrientationLandscapeLeft UIInterfaceOrientationLandscapeRight";
				INFOPLIST_KEY_UISupportedInterfaceOrientations_iPhone = "UIInterfaceOrientationPortrait UIInterfaceOrientationLandscapeLeft UIInterfaceOrientationLandscapeRight";
				IPHONEOS_DEPLOYMENT_TARGET = 15.0;
				LD_RUNPATH_SEARCH_PATHS = (
					"$(inherited)",
					"@executable_path/Frameworks",
				);
				MARKETING_VERSION = 1.0;
				PRODUCT_BUNDLE_IDENTIFIER = com.ryuyeon.SeSacStudy;
				PRODUCT_NAME = "$(TARGET_NAME)";
				SWIFT_EMIT_LOC_STRINGS = YES;
				SWIFT_VERSION = 5.0;
				TARGETED_DEVICE_FAMILY = "1,2";
			};
			name = Release;
		};
/* End XCBuildConfiguration section */

/* Begin XCConfigurationList section */
		88556FC52918E248003CD336 /* Build configuration list for PBXProject "SeSacStudy" */ = {
			isa = XCConfigurationList;
			buildConfigurations = (
				88556FDC2918E249003CD336 /* Debug */,
				88556FDD2918E249003CD336 /* Release */,
			);
			defaultConfigurationIsVisible = 0;
			defaultConfigurationName = Release;
		};
		88556FDE2918E249003CD336 /* Build configuration list for PBXNativeTarget "SeSacStudy" */ = {
			isa = XCConfigurationList;
			buildConfigurations = (
				88556FDF2918E249003CD336 /* Debug */,
				88556FE02918E249003CD336 /* Release */,
			);
			defaultConfigurationIsVisible = 0;
			defaultConfigurationName = Release;
		};
/* End XCConfigurationList section */

/* Begin XCRemoteSwiftPackageReference section */
		88055987291CFC5300F4D4A2 /* XCRemoteSwiftPackageReference "Alamofire" */ = {
			isa = XCRemoteSwiftPackageReference;
			repositoryURL = "https://github.com/Alamofire/Alamofire.git";
			requirement = {
				kind = upToNextMajorVersion;
				minimumVersion = 5.0.0;
			};
		};
		88055993291D22B400F4D4A2 /* XCRemoteSwiftPackageReference "firebase-ios-sdk" */ = {
			isa = XCRemoteSwiftPackageReference;
			repositoryURL = "https://github.com/firebase/firebase-ios-sdk";
			requirement = {
				kind = upToNextMajorVersion;
				minimumVersion = 9.0.0;
			};
		};
		88556FF32918EF31003CD336 /* XCRemoteSwiftPackageReference "SnapKit" */ = {
			isa = XCRemoteSwiftPackageReference;
			repositoryURL = "https://github.com/SnapKit/SnapKit.git";
			requirement = {
				kind = upToNextMajorVersion;
				minimumVersion = 5.0.0;
			};
		};
		885570012919585A003CD336 /* XCRemoteSwiftPackageReference "RxSwift" */ = {
			isa = XCRemoteSwiftPackageReference;
			repositoryURL = "https://github.com/ReactiveX/RxSwift.git";
			requirement = {
				kind = upToNextMajorVersion;
				minimumVersion = 6.0.0;
			};
		};
		88921610291AD5C200DE147C /* XCRemoteSwiftPackageReference "Toast-Swift" */ = {
			isa = XCRemoteSwiftPackageReference;
			repositoryURL = "https://github.com/scalessec/Toast-Swift.git";
			requirement = {
				kind = upToNextMajorVersion;
				minimumVersion = 5.0.0;
			};
		};
		889927982924CA4B00294B6B /* XCRemoteSwiftPackageReference "MultiSlider" */ = {
			isa = XCRemoteSwiftPackageReference;
			repositoryURL = "https://github.com/yonat/MultiSlider.git";
			requirement = {
				kind = upToNextMajorVersion;
				minimumVersion = 1.0.0;
			};
		};
		8899279B2924CE5E00294B6B /* XCRemoteSwiftPackageReference "IQKeyboardManager" */ = {
			isa = XCRemoteSwiftPackageReference;
			repositoryURL = "https://github.com/hackiftekhar/IQKeyboardManager.git";
			requirement = {
				kind = exactVersion;
				version = 6.5.0;
			};
		};
/* End XCRemoteSwiftPackageReference section */

/* Begin XCSwiftPackageProductDependency section */
		88055988291CFC5300F4D4A2 /* Alamofire */ = {
			isa = XCSwiftPackageProductDependency;
			package = 88055987291CFC5300F4D4A2 /* XCRemoteSwiftPackageReference "Alamofire" */;
			productName = Alamofire;
		};
		88055994291D22B400F4D4A2 /* FirebaseAuth */ = {
			isa = XCSwiftPackageProductDependency;
			package = 88055993291D22B400F4D4A2 /* XCRemoteSwiftPackageReference "firebase-ios-sdk" */;
			productName = FirebaseAuth;
		};
		88055996291D22B400F4D4A2 /* FirebaseMessaging */ = {
			isa = XCSwiftPackageProductDependency;
			package = 88055993291D22B400F4D4A2 /* XCRemoteSwiftPackageReference "firebase-ios-sdk" */;
			productName = FirebaseMessaging;
		};
		88556FF42918EF31003CD336 /* SnapKit */ = {
			isa = XCSwiftPackageProductDependency;
			package = 88556FF32918EF31003CD336 /* XCRemoteSwiftPackageReference "SnapKit" */;
			productName = SnapKit;
		};
		885570022919585A003CD336 /* RxCocoa */ = {
			isa = XCSwiftPackageProductDependency;
			package = 885570012919585A003CD336 /* XCRemoteSwiftPackageReference "RxSwift" */;
			productName = RxCocoa;
		};
		885570042919585A003CD336 /* RxSwift */ = {
			isa = XCSwiftPackageProductDependency;
			package = 885570012919585A003CD336 /* XCRemoteSwiftPackageReference "RxSwift" */;
			productName = RxSwift;
		};
		88921611291AD5C200DE147C /* Toast */ = {
			isa = XCSwiftPackageProductDependency;
			package = 88921610291AD5C200DE147C /* XCRemoteSwiftPackageReference "Toast-Swift" */;
			productName = Toast;
		};
		889927992924CA4B00294B6B /* MultiSlider */ = {
			isa = XCSwiftPackageProductDependency;
			package = 889927982924CA4B00294B6B /* XCRemoteSwiftPackageReference "MultiSlider" */;
			productName = MultiSlider;
		};
		8899279C2924CE5E00294B6B /* IQKeyboardManagerSwift */ = {
			isa = XCSwiftPackageProductDependency;
			package = 8899279B2924CE5E00294B6B /* XCRemoteSwiftPackageReference "IQKeyboardManager" */;
			productName = IQKeyboardManagerSwift;
		};
/* End XCSwiftPackageProductDependency section */
	};
	rootObject = 88556FC22918E248003CD336 /* Project object */;
}
